PODS:
  - Alamofire (4.4.0)
  - Crashlytics (3.9.3):
    - Fabric (~> 1.7.2)
  - DropDown (2)
  - ExpandingMenu (0.3.1)
  - Fabric (1.7.2)
  - Firebase/Core (4.3.0):
    - FirebaseAnalytics (= 4.0.4)
    - FirebaseCore (= 4.0.8)
  - FirebaseAnalytics (4.0.4):
    - FirebaseCore (~> 4.0)
    - FirebaseInstanceID (~> 2.0)
    - GoogleToolboxForMac/NSData+zlib (~> 2.1)
    - nanopb (~> 0.3)
  - FirebaseCore (4.0.8):
    - GoogleToolboxForMac/NSData+zlib (~> 2.1)
    - nanopb (~> 0.3)
  - FirebaseInstanceID (2.0.4)
  - GoogleMaps (2.2.0):
    - GoogleMaps/Maps (= 2.2.0)
  - GoogleMaps/Base (2.2.0)
  - GoogleMaps/Maps (2.2.0):
    - GoogleMaps/Base
  - GooglePlacePicker (2.2.0):
    - GoogleMaps (= 2.2.0)
    - GooglePlaces (= 2.2.0)
  - GooglePlaces (2.2.0):
    - GoogleMaps/Base (= 2.2.0)
  - GoogleToolboxForMac/Defines (2.1.3)
  - GoogleToolboxForMac/NSData+zlib (2.1.3):
    - GoogleToolboxForMac/Defines (= 2.1.3)
  - KCFloatingActionButton (2.2.0)
  - Material (2.6.3):
    - Material/Core (= 2.6.3)
  - Material/Core (2.6.3)
  - nanopb (0.3.8):
    - nanopb/decode (= 0.3.8)
    - nanopb/encode (= 0.3.8)
  - nanopb/decode (0.3.8)
  - nanopb/encode (0.3.8)
  - Realm (2.5.1):
    - Realm/Headers (= 2.5.1)
  - Realm/Headers (2.5.1)
  - RealmSwift (2.5.1):
    - Realm (= 2.5.1)
  - SDWebImage (3.8.2):
    - SDWebImage/Core (= 3.8.2)
  - SDWebImage/Core (3.8.2)
  - SwiftyJSON (3.1.4)

DEPENDENCIES:
  - Alamofire (~> 4.0)
  - Crashlytics (~> 3.9.3)
  - DropDown
  - ExpandingMenu (~> 0.3)
  - Fabric (~> 1.7.2)
  - Firebase/Core
  - GoogleMaps
  - GooglePlacePicker
  - GooglePlaces
  - KCFloatingActionButton
  - Material (~> 2.0)
  - RealmSwift (from `https://github.com/realm/realm-cocoa.git`, branch `master`)
  - SDWebImage (~> 3.8)
  - SwiftyJSON

EXTERNAL SOURCES:
  RealmSwift:
    :branch: master
    :git: https://github.com/realm/realm-cocoa.git
    :submodules: true

CHECKOUT OPTIONS:
  RealmSwift:
    :commit: 899c0ada49e178e917e69680949f494ffe7f2f8a
    :git: https://github.com/realm/realm-cocoa.git
    :submodules: true

SPEC CHECKSUMS:
  Alamofire: dc44b1600b800eb63da6a19039a0083d62a6a62d
  Crashlytics: dbb07d01876c171c5ccbdf7826410380189e452c
  DropDown: 744784d9c9aa505100e942c16acd05430cbb2f0a
  ExpandingMenu: 107548f3cb8c04b28a8b6b436983f506849484cc
  Fabric: 9cd6a848efcf1b8b07497e0b6a2e7d336353ba15
  Firebase: 83283761a1ef6dc9846e03d08059f51421afbd65
  FirebaseAnalytics: 722b53c7b32bfc7806b06e0093a2f5180d4f2c5a
  FirebaseCore: 69b1a5ac5f857ba6d5fd9d5fe794f4786dd5e579
  FirebaseInstanceID: 70c2b877e9338971b2429ea5a4293df6961aa44e
  GoogleMaps: 104c418d61ab8a05dff06ed0784c25ea9d37da45
  GooglePlacePicker: 345b1aabd42c9d6d9bf2369c1bae1234d903e764
  GooglePlaces: bca867d5e9da15384c794b945e4226848bc6e9d9
  GoogleToolboxForMac: 2501e2ad72a52eb3dfe7bd9aee7dad11b858bd20
  KCFloatingActionButton: 8c71fa25774e422c8d407f82b4b27809d0cd5233
  Material: af607a7ec0e9978ef85cf189a3d8ceeeb650400f
  nanopb: 5601e6bca2dbf1ed831b519092ec110f66982ca3
  Realm: 32f86104d37c8521f864d4274050b38ba6190733
  RealmSwift: 1412cc70daaf4976766ca9c72ac24ff84bdea6cf
  SDWebImage: 098e97e6176540799c27e804c96653ee0833d13c
  SwiftyJSON: c2842d878f95482ffceec5709abc3d05680c0220

PODFILE CHECKSUM: 958f8071996ea691d34f49e314b05f97a0bbfd0a

COCOAPODS: 1.4.0
