PODS:
  - Alamofire (4.2.0)
  - GoogleMaps (2.1.1):
    - GoogleMaps/Maps (= 2.1.1)
  - GoogleMaps/Base (2.1.1)
  - GoogleMaps/Maps (2.1.1):
    - GoogleMaps/Base
  - Material (2.4.10):
    - Material/Core (= 2.4.10)
  - Material/Core (2.4.10)
  - Realm (2.2.0):
    - Realm/Headers (= 2.2.0)
  - Realm/Headers (2.2.0)
  - RealmSwift (2.2.0):
    - Realm (= 2.2.0)
  - SDWebImage (3.8.2):
    - SDWebImage/Core (= 3.8.2)
  - SDWebImage/Core (3.8.2)
  - SwiftyJSON (3.1.4)

DEPENDENCIES:
  - Alamofire (~> 4.0)
  - GoogleMaps
  - Material (~> 2.0)
  - RealmSwift (from `https://github.com/realm/realm-cocoa.git`, branch `master`)
  - SDWebImage (~> 3.8)
  - SwiftyJSON

EXTERNAL SOURCES:
  RealmSwift:
    :branch: master
    :git: https://github.com/realm/realm-cocoa.git
    :submodules: true

CHECKOUT OPTIONS:
  RealmSwift:
    :commit: 2f91b9418f0ae016d21b5ddc94fae7c5c192db2b
    :git: https://github.com/realm/realm-cocoa.git
    :submodules: true

SPEC CHECKSUMS:
  Alamofire: aa2e09d871c9160ac53c90e83c68064a94e3dfbe
  GoogleMaps: a5b5bbe47734e2443bde781a6aa64e69fdb6d785
  Material: ef1e6da2e242d582205c87847a5346138894a633
  Realm: d95b8fb34c83f1e764b66d319277a62c2b6e4bf5
  RealmSwift: 5b03c36e4b68156551b228d61dcc830b2b61e853
  SDWebImage: 098e97e6176540799c27e804c96653ee0833d13c
  SwiftyJSON: c2842d878f95482ffceec5709abc3d05680c0220

PODFILE CHECKSUM: 74d855153d8400714a3a5177a26f8c2d3e5c8ebe

COCOAPODS: 1.1.1
