PODS:
  - Alamofire (4.3.0)
  - GoogleMaps (2.1.1):
    - GoogleMaps/Maps (= 2.1.1)
  - GoogleMaps/Base (2.1.1)
  - GoogleMaps/Maps (2.1.1):
    - GoogleMaps/Base
  - Material (2.4.11):
    - Material/Core (= 2.4.11)
  - Material/Core (2.4.11)
  - SDWebImage (3.8.2):
    - SDWebImage/Core (= 3.8.2)
  - SDWebImage/Core (3.8.2)
  - SwiftyJSON (3.1.4)

DEPENDENCIES:
  - Alamofire (~> 4.0)
  - GoogleMaps
  - Material (~> 2.0)
  - SDWebImage (~> 3.8)
  - SwiftyJSON

SPEC CHECKSUMS:
  Alamofire: 856a113053a7bc9cbe5d6367a555d773fc5cfef7
  GoogleMaps: a5b5bbe47734e2443bde781a6aa64e69fdb6d785
  Material: 09b50565d8f824bd74881eba12d7c549b41f510d
  SDWebImage: 098e97e6176540799c27e804c96653ee0833d13c
  SwiftyJSON: c2842d878f95482ffceec5709abc3d05680c0220

PODFILE CHECKSUM: 8e74ebdc0a9ce129a1fd0d46a3b8433baab9213e

COCOAPODS: 1.1.1
