// !$*UTF8*$!
{
	archiveVersion = 1;
	classes = {
	};
	objectVersion = 46;
	objects = {

/* Begin PBXBuildFile section */
		0526DD881DC6CC060063D827 /* RecreationViewController.swift in Sources */ = {isa = PBXBuildFile; fileRef = 0526DD871DC6CC060063D827 /* RecreationViewController.swift */; };
		0526DD8A1DC6CF030063D827 /* AcademicsViewController.swift in Sources */ = {isa = PBXBuildFile; fileRef = 0526DD891DC6CF020063D827 /* AcademicsViewController.swift */; };
		0526DD8C1DC6CF640063D827 /* BaseViewController.swift in Sources */ = {isa = PBXBuildFile; fileRef = 0526DD8B1DC6CF640063D827 /* BaseViewController.swift */; };
		05F5310B1DBDADC700392D7D /* Home.storyboard in Resources */ = {isa = PBXBuildFile; fileRef = 05F5310A1DBDADC700392D7D /* Home.storyboard */; };
		05F531101DBDB30B00392D7D /* HomeViewController.swift in Sources */ = {isa = PBXBuildFile; fileRef = 05F5310F1DBDB30B00392D7D /* HomeViewController.swift */; };
		05F531121DBDB62800392D7D /* HomeTableViewCell.swift in Sources */ = {isa = PBXBuildFile; fileRef = 05F531111DBDB62800392D7D /* HomeTableViewCell.swift */; };
		05F531141DBDB80200392D7D /* HomeCollectionViewCell.swift in Sources */ = {isa = PBXBuildFile; fileRef = 05F531131DBDB80200392D7D /* HomeCollectionViewCell.swift */; };
		41E8438E1DAB3FE80096C049 /* AppDelegate.swift in Sources */ = {isa = PBXBuildFile; fileRef = 41E8438D1DAB3FE80096C049 /* AppDelegate.swift */; };
		41E843901DAB3FE80096C049 /* launchViewController.swift in Sources */ = {isa = PBXBuildFile; fileRef = 41E8438F1DAB3FE80096C049 /* launchViewController.swift */; };
		41E843931DAB3FE80096C049 /* Main.storyboard in Resources */ = {isa = PBXBuildFile; fileRef = 41E843911DAB3FE80096C049 /* Main.storyboard */; };
		41E843951DAB3FE80096C049 /* Assets.xcassets in Resources */ = {isa = PBXBuildFile; fileRef = 41E843941DAB3FE80096C049 /* Assets.xcassets */; };
		41E843981DAB3FE80096C049 /* LaunchScreen.storyboard in Resources */ = {isa = PBXBuildFile; fileRef = 41E843961DAB3FE80096C049 /* LaunchScreen.storyboard */; };
		615CD1A174160A31DE6165FB /* Pods_berkeleyMobileiOS.framework in Frameworks */ = {isa = PBXBuildFile; fileRef = 3CDB2604FFE493341212DD8A /* Pods_berkeleyMobileiOS.framework */; };
/* End PBXBuildFile section */

/* Begin PBXFileReference section */
		0526DD871DC6CC060063D827 /* RecreationViewController.swift */ = {isa = PBXFileReference; fileEncoding = 4; lastKnownFileType = sourcecode.swift; path = RecreationViewController.swift; sourceTree = "<group>"; };
		0526DD891DC6CF020063D827 /* AcademicsViewController.swift */ = {isa = PBXFileReference; fileEncoding = 4; lastKnownFileType = sourcecode.swift; path = AcademicsViewController.swift; sourceTree = "<group>"; };
		0526DD8B1DC6CF640063D827 /* BaseViewController.swift */ = {isa = PBXFileReference; fileEncoding = 4; lastKnownFileType = sourcecode.swift; path = BaseViewController.swift; sourceTree = "<group>"; };
		05F5310A1DBDADC700392D7D /* Home.storyboard */ = {isa = PBXFileReference; fileEncoding = 4; lastKnownFileType = file.storyboard; path = Home.storyboard; sourceTree = "<group>"; };
		05F5310F1DBDB30B00392D7D /* HomeViewController.swift */ = {isa = PBXFileReference; fileEncoding = 4; lastKnownFileType = sourcecode.swift; path = HomeViewController.swift; sourceTree = "<group>"; };
		05F531111DBDB62800392D7D /* HomeTableViewCell.swift */ = {isa = PBXFileReference; fileEncoding = 4; lastKnownFileType = sourcecode.swift; path = HomeTableViewCell.swift; sourceTree = "<group>"; };
		05F531131DBDB80200392D7D /* HomeCollectionViewCell.swift */ = {isa = PBXFileReference; fileEncoding = 4; lastKnownFileType = sourcecode.swift; path = HomeCollectionViewCell.swift; sourceTree = "<group>"; };
		41E8438A1DAB3FE80096C049 /* berkeleyMobileiOS.app */ = {isa = PBXFileReference; explicitFileType = wrapper.application; includeInIndex = 0; path = berkeleyMobileiOS.app; sourceTree = BUILT_PRODUCTS_DIR; };
		41E8438D1DAB3FE80096C049 /* AppDelegate.swift */ = {isa = PBXFileReference; lastKnownFileType = sourcecode.swift; path = AppDelegate.swift; sourceTree = "<group>"; };
		41E8438F1DAB3FE80096C049 /* launchViewController.swift */ = {isa = PBXFileReference; lastKnownFileType = sourcecode.swift; path = launchViewController.swift; sourceTree = "<group>"; };
		41E843921DAB3FE80096C049 /* Base */ = {isa = PBXFileReference; lastKnownFileType = file.storyboard; name = Base; path = Base.lproj/Main.storyboard; sourceTree = "<group>"; };
		41E843941DAB3FE80096C049 /* Assets.xcassets */ = {isa = PBXFileReference; lastKnownFileType = folder.assetcatalog; path = Assets.xcassets; sourceTree = "<group>"; };
		41E843971DAB3FE80096C049 /* Base */ = {isa = PBXFileReference; lastKnownFileType = file.storyboard; name = Base; path = Base.lproj/LaunchScreen.storyboard; sourceTree = "<group>"; };
		41E843991DAB3FE80096C049 /* Info.plist */ = {isa = PBXFileReference; lastKnownFileType = text.plist.xml; path = Info.plist; sourceTree = "<group>"; };
		7BC35364DDC70E5590C55CCF /* Pods-berkeleyMobileiOS.release.xcconfig */ = {isa = PBXFileReference; includeInIndex = 1; lastKnownFileType = text.xcconfig; name = "Pods-berkeleyMobileiOS.release.xcconfig"; path = "Pods/Target Support Files/Pods-berkeleyMobileiOS/Pods-berkeleyMobileiOS.release.xcconfig"; sourceTree = "<group>"; };
		9D72D6DF911EDC0F04EE307F /* Pods-berkeleyMobileiOS.debug.xcconfig */ = {isa = PBXFileReference; includeInIndex = 1; lastKnownFileType = text.xcconfig; name = "Pods-berkeleyMobileiOS.debug.xcconfig"; path = "Pods/Target Support Files/Pods-berkeleyMobileiOS/Pods-berkeleyMobileiOS.debug.xcconfig"; sourceTree = "<group>"; };
/* End PBXFileReference section */

/* Begin PBXFrameworksBuildPhase section */
		41E843871DAB3FE80096C049 /* Frameworks */ = {
			isa = PBXFrameworksBuildPhase;
			buildActionMask = 2147483647;
			files = (
				615CD1A174160A31DE6165FB /* Pods_berkeleyMobileiOS.framework in Frameworks */,
			);
			runOnlyForDeploymentPostprocessing = 0;
		};
/* End PBXFrameworksBuildPhase section */

/* Begin PBXGroup section */
		41E843811DAB3FE80096C049 = {
			isa = PBXGroup;
			children = (
				41E8438C1DAB3FE80096C049 /* berkeleyMobileiOS */,
				41E8438B1DAB3FE80096C049 /* Products */,
				93BD09A1D2E78ACB866AE8D4 /* Pods */,
				BADAC15CCD681293C4FD4336 /* Frameworks */,
			);
			sourceTree = "<group>";
		};
		41E8438B1DAB3FE80096C049 /* Products */ = {
			isa = PBXGroup;
			children = (
				41E8438A1DAB3FE80096C049 /* berkeleyMobileiOS.app */,
			);
			name = Products;
			sourceTree = "<group>";
		};
		41E8438C1DAB3FE80096C049 /* berkeleyMobileiOS */ = {
			isa = PBXGroup;
			children = (
				41E8438D1DAB3FE80096C049 /* AppDelegate.swift */,
				41E8438F1DAB3FE80096C049 /* launchViewController.swift */,
				41E843911DAB3FE80096C049 /* Main.storyboard */,
				05F5310A1DBDADC700392D7D /* Home.storyboard */,
				0526DD8B1DC6CF640063D827 /* BaseViewController.swift */,
				05F5310F1DBDB30B00392D7D /* HomeViewController.swift */,
				0526DD871DC6CC060063D827 /* RecreationViewController.swift */,
				0526DD891DC6CF020063D827 /* AcademicsViewController.swift */,
				05F531111DBDB62800392D7D /* HomeTableViewCell.swift */,
				05F531131DBDB80200392D7D /* HomeCollectionViewCell.swift */,
				41E843941DAB3FE80096C049 /* Assets.xcassets */,
				41E843961DAB3FE80096C049 /* LaunchScreen.storyboard */,
				41E843991DAB3FE80096C049 /* Info.plist */,
			);
			path = berkeleyMobileiOS;
			sourceTree = "<group>";
		};
		93BD09A1D2E78ACB866AE8D4 /* Pods */ = {
			isa = PBXGroup;
			children = (
				9D72D6DF911EDC0F04EE307F /* Pods-berkeleyMobileiOS.debug.xcconfig */,
				7BC35364DDC70E5590C55CCF /* Pods-berkeleyMobileiOS.release.xcconfig */,
			);
			name = Pods;
			sourceTree = "<group>";
		};
		BADAC15CCD681293C4FD4336 /* Frameworks */ = {
			isa = PBXGroup;
			children = (
				3CDB2604FFE493341212DD8A /* Pods_berkeleyMobileiOS.framework */,
			);
			name = Frameworks;
			sourceTree = "<group>";
		};
/* End PBXGroup section */

/* Begin PBXNativeTarget section */
		41E843891DAB3FE80096C049 /* berkeleyMobileiOS */ = {
			isa = PBXNativeTarget;
			buildConfigurationList = 41E8439C1DAB3FE80096C049 /* Build configuration list for PBXNativeTarget "berkeleyMobileiOS" */;
			buildPhases = (
				A2A9E27ACE9FBC567AF40778 /* [CP] Check Pods Manifest.lock */,
				41E843861DAB3FE80096C049 /* Sources */,
				41E843871DAB3FE80096C049 /* Frameworks */,
				41E843881DAB3FE80096C049 /* Resources */,
				870E1645707A169312C5FB2C /* [CP] Embed Pods Frameworks */,
				72F272B633396CA43BAB0E06 /* [CP] Copy Pods Resources */,
			);
			buildRules = (
			);
			dependencies = (
			);
			name = berkeleyMobileiOS;
			productName = berkeleyMobileiOS;
			productReference = 41E8438A1DAB3FE80096C049 /* berkeleyMobileiOS.app */;
			productType = "com.apple.product-type.application";
		};
/* End PBXNativeTarget section */

/* Begin PBXProject section */
		41E843821DAB3FE80096C049 /* Project object */ = {
			isa = PBXProject;
			attributes = {
				LastSwiftUpdateCheck = 0800;
				LastUpgradeCheck = 0800;
				ORGANIZATIONNAME = org.berkeleyMobile;
				TargetAttributes = {
					41E843891DAB3FE80096C049 = {
						CreatedOnToolsVersion = 8.0;
						DevelopmentTeam = PJDHFMJJZL;
						LastSwiftMigration = 0800;
						ProvisioningStyle = Automatic;
					};
				};
			};
			buildConfigurationList = 41E843851DAB3FE80096C049 /* Build configuration list for PBXProject "berkeleyMobileiOS" */;
			compatibilityVersion = "Xcode 3.2";
			developmentRegion = English;
			hasScannedForEncodings = 0;
			knownRegions = (
				en,
				Base,
			);
			mainGroup = 41E843811DAB3FE80096C049;
			productRefGroup = 41E8438B1DAB3FE80096C049 /* Products */;
			projectDirPath = "";
			projectRoot = "";
			targets = (
				41E843891DAB3FE80096C049 /* berkeleyMobileiOS */,
			);
		};
/* End PBXProject section */

/* Begin PBXResourcesBuildPhase section */
		41E843881DAB3FE80096C049 /* Resources */ = {
			isa = PBXResourcesBuildPhase;
			buildActionMask = 2147483647;
			files = (
				41E843981DAB3FE80096C049 /* LaunchScreen.storyboard in Resources */,
				41E843951DAB3FE80096C049 /* Assets.xcassets in Resources */,
				41E843931DAB3FE80096C049 /* Main.storyboard in Resources */,
				05F5310B1DBDADC700392D7D /* Home.storyboard in Resources */,
			);
			runOnlyForDeploymentPostprocessing = 0;
		};
/* End PBXResourcesBuildPhase section */

/* Begin PBXShellScriptBuildPhase section */
		72F272B633396CA43BAB0E06 /* [CP] Copy Pods Resources */ = {
			isa = PBXShellScriptBuildPhase;
			buildActionMask = 2147483647;
			files = (
			);
			inputPaths = (
			);
			name = "[CP] Copy Pods Resources";
			outputPaths = (
			);
			runOnlyForDeploymentPostprocessing = 0;
			shellPath = /bin/sh;
			shellScript = "\"${SRCROOT}/Pods/Target Support Files/Pods-berkeleyMobileiOS/Pods-berkeleyMobileiOS-resources.sh\"\n";
			showEnvVarsInLog = 0;
		};
		870E1645707A169312C5FB2C /* [CP] Embed Pods Frameworks */ = {
			isa = PBXShellScriptBuildPhase;
			buildActionMask = 2147483647;
			files = (
			);
			inputPaths = (
			);
			name = "[CP] Embed Pods Frameworks";
			outputPaths = (
			);
			runOnlyForDeploymentPostprocessing = 0;
			shellPath = /bin/sh;
			shellScript = "\"${SRCROOT}/Pods/Target Support Files/Pods-berkeleyMobileiOS/Pods-berkeleyMobileiOS-frameworks.sh\"\n";
			showEnvVarsInLog = 0;
		};
		A2A9E27ACE9FBC567AF40778 /* [CP] Check Pods Manifest.lock */ = {
			isa = PBXShellScriptBuildPhase;
			buildActionMask = 2147483647;
			files = (
			);
			inputPaths = (
			);
			name = "[CP] Check Pods Manifest.lock";
			outputPaths = (
			);
			runOnlyForDeploymentPostprocessing = 0;
			shellPath = /bin/sh;
			shellScript = "diff \"${PODS_ROOT}/../Podfile.lock\" \"${PODS_ROOT}/Manifest.lock\" > /dev/null\nif [ $? != 0 ] ; then\n    # print error to STDERR\n    echo \"error: The sandbox is not in sync with the Podfile.lock. Run 'pod install' or update your CocoaPods installation.\" >&2\n    exit 1\nfi\n";
			showEnvVarsInLog = 0;
		};
/* End PBXShellScriptBuildPhase section */

/* Begin PBXSourcesBuildPhase section */
		41E843861DAB3FE80096C049 /* Sources */ = {
			isa = PBXSourcesBuildPhase;
			buildActionMask = 2147483647;
			files = (

				0526DD881DC6CC060063D827 /* RecreationViewController.swift in Sources */,
				05F531141DBDB80200392D7D /* HomeCollectionViewCell.swift in Sources */,
				41E843901DAB3FE80096C049 /* ViewController.swift in Sources */,
				41E8438E1DAB3FE80096C049 /* AppDelegate.swift in Sources */,
				05F531121DBDB62800392D7D /* HomeTableViewCell.swift in Sources */,
				0526DD8C1DC6CF640063D827 /* BaseViewController.swift in Sources */,
				0526DD8A1DC6CF030063D827 /* AcademicsViewController.swift in Sources */,
				05F531101DBDB30B00392D7D /* HomeViewController.swift in Sources */,
			);
			runOnlyForDeploymentPostprocessing = 0;
		};
/* End PBXSourcesBuildPhase section */

/* Begin PBXVariantGroup section */
		41E843911DAB3FE80096C049 /* Main.storyboard */ = {
			isa = PBXVariantGroup;
			children = (
				41E843921DAB3FE80096C049 /* Base */,
			);
			name = Main.storyboard;
			sourceTree = "<group>";
		};
		41E843961DAB3FE80096C049 /* LaunchScreen.storyboard */ = {
			isa = PBXVariantGroup;
			children = (
				41E843971DAB3FE80096C049 /* Base */,
			);
			name = LaunchScreen.storyboard;
			sourceTree = "<group>";
		};
/* End PBXVariantGroup section */

/* Begin XCBuildConfiguration section */
		41E8439A1DAB3FE80096C049 /* Debug */ = {
			isa = XCBuildConfiguration;
			buildSettings = {
				ALWAYS_SEARCH_USER_PATHS = NO;
				CLANG_ANALYZER_NONNULL = YES;
				CLANG_CXX_LANGUAGE_STANDARD = "gnu++0x";
				CLANG_CXX_LIBRARY = "libc++";
				CLANG_ENABLE_MODULES = YES;
				CLANG_ENABLE_OBJC_ARC = YES;
				CLANG_WARN_BOOL_CONVERSION = YES;
				CLANG_WARN_CONSTANT_CONVERSION = YES;
				CLANG_WARN_DIRECT_OBJC_ISA_USAGE = YES_ERROR;
				CLANG_WARN_DOCUMENTATION_COMMENTS = YES;
				CLANG_WARN_EMPTY_BODY = YES;
				CLANG_WARN_ENUM_CONVERSION = YES;
				CLANG_WARN_INFINITE_RECURSION = YES;
				CLANG_WARN_INT_CONVERSION = YES;
				CLANG_WARN_OBJC_ROOT_CLASS = YES_ERROR;
				CLANG_WARN_SUSPICIOUS_MOVES = YES;
				CLANG_WARN_UNREACHABLE_CODE = YES;
				CLANG_WARN__DUPLICATE_METHOD_MATCH = YES;
				"CODE_SIGN_IDENTITY[sdk=iphoneos*]" = "iPhone Developer";
				COPY_PHASE_STRIP = NO;
				DEBUG_INFORMATION_FORMAT = dwarf;
				ENABLE_STRICT_OBJC_MSGSEND = YES;
				ENABLE_TESTABILITY = YES;
				GCC_C_LANGUAGE_STANDARD = gnu99;
				GCC_DYNAMIC_NO_PIC = NO;
				GCC_NO_COMMON_BLOCKS = YES;
				GCC_OPTIMIZATION_LEVEL = 0;
				GCC_PREPROCESSOR_DEFINITIONS = (
					"DEBUG=1",
					"$(inherited)",
				);
				GCC_WARN_64_TO_32_BIT_CONVERSION = YES;
				GCC_WARN_ABOUT_RETURN_TYPE = YES_ERROR;
				GCC_WARN_UNDECLARED_SELECTOR = YES;
				GCC_WARN_UNINITIALIZED_AUTOS = YES_AGGRESSIVE;
				GCC_WARN_UNUSED_FUNCTION = YES;
				GCC_WARN_UNUSED_VARIABLE = YES;
				IPHONEOS_DEPLOYMENT_TARGET = 10.0;
				MTL_ENABLE_DEBUG_INFO = YES;
				ONLY_ACTIVE_ARCH = YES;
				SDKROOT = iphoneos;
				SWIFT_ACTIVE_COMPILATION_CONDITIONS = DEBUG;
				SWIFT_OPTIMIZATION_LEVEL = "-Onone";
				TARGETED_DEVICE_FAMILY = "1,2";
			};
			name = Debug;
		};
		41E8439B1DAB3FE80096C049 /* Release */ = {
			isa = XCBuildConfiguration;
			buildSettings = {
				ALWAYS_SEARCH_USER_PATHS = NO;
				CLANG_ANALYZER_NONNULL = YES;
				CLANG_CXX_LANGUAGE_STANDARD = "gnu++0x";
				CLANG_CXX_LIBRARY = "libc++";
				CLANG_ENABLE_MODULES = YES;
				CLANG_ENABLE_OBJC_ARC = YES;
				CLANG_WARN_BOOL_CONVERSION = YES;
				CLANG_WARN_CONSTANT_CONVERSION = YES;
				CLANG_WARN_DIRECT_OBJC_ISA_USAGE = YES_ERROR;
				CLANG_WARN_DOCUMENTATION_COMMENTS = YES;
				CLANG_WARN_EMPTY_BODY = YES;
				CLANG_WARN_ENUM_CONVERSION = YES;
				CLANG_WARN_INFINITE_RECURSION = YES;
				CLANG_WARN_INT_CONVERSION = YES;
				CLANG_WARN_OBJC_ROOT_CLASS = YES_ERROR;
				CLANG_WARN_SUSPICIOUS_MOVES = YES;
				CLANG_WARN_UNREACHABLE_CODE = YES;
				CLANG_WARN__DUPLICATE_METHOD_MATCH = YES;
				"CODE_SIGN_IDENTITY[sdk=iphoneos*]" = "iPhone Developer";
				COPY_PHASE_STRIP = NO;
				DEBUG_INFORMATION_FORMAT = "dwarf-with-dsym";
				ENABLE_NS_ASSERTIONS = NO;
				ENABLE_STRICT_OBJC_MSGSEND = YES;
				GCC_C_LANGUAGE_STANDARD = gnu99;
				GCC_NO_COMMON_BLOCKS = YES;
				GCC_WARN_64_TO_32_BIT_CONVERSION = YES;
				GCC_WARN_ABOUT_RETURN_TYPE = YES_ERROR;
				GCC_WARN_UNDECLARED_SELECTOR = YES;
				GCC_WARN_UNINITIALIZED_AUTOS = YES_AGGRESSIVE;
				GCC_WARN_UNUSED_FUNCTION = YES;
				GCC_WARN_UNUSED_VARIABLE = YES;
				IPHONEOS_DEPLOYMENT_TARGET = 10.0;
				MTL_ENABLE_DEBUG_INFO = NO;
				SDKROOT = iphoneos;
				SWIFT_OPTIMIZATION_LEVEL = "-Owholemodule";
				TARGETED_DEVICE_FAMILY = "1,2";
				VALIDATE_PRODUCT = YES;
			};
			name = Release;
		};
		41E8439D1DAB3FE80096C049 /* Debug */ = {
			isa = XCBuildConfiguration;
			baseConfigurationReference = 9D72D6DF911EDC0F04EE307F /* Pods-berkeleyMobileiOS.debug.xcconfig */;
			buildSettings = {
				ASSETCATALOG_COMPILER_APPICON_NAME = AppIcon;
				DEVELOPMENT_TEAM = PJDHFMJJZL;
				INFOPLIST_FILE = berkeleyMobileiOS/Info.plist;
				LD_RUNPATH_SEARCH_PATHS = "$(inherited) @executable_path/Frameworks";
				PRODUCT_BUNDLE_IDENTIFIER = org.berkeleyMobile.berkeleyMobileiOS;
				PRODUCT_NAME = "$(TARGET_NAME)";
				SWIFT_VERSION = 3.0;
			};
			name = Debug;
		};
		41E8439E1DAB3FE80096C049 /* Release */ = {
			isa = XCBuildConfiguration;
			baseConfigurationReference = 7BC35364DDC70E5590C55CCF /* Pods-berkeleyMobileiOS.release.xcconfig */;
			buildSettings = {
				ASSETCATALOG_COMPILER_APPICON_NAME = AppIcon;
				DEVELOPMENT_TEAM = PJDHFMJJZL;
				INFOPLIST_FILE = berkeleyMobileiOS/Info.plist;
				LD_RUNPATH_SEARCH_PATHS = "$(inherited) @executable_path/Frameworks";
				PRODUCT_BUNDLE_IDENTIFIER = org.berkeleyMobile.berkeleyMobileiOS;
				PRODUCT_NAME = "$(TARGET_NAME)";
				SWIFT_VERSION = 3.0;
			};
			name = Release;
		};
/* End XCBuildConfiguration section */

/* Begin XCConfigurationList section */
		41E843851DAB3FE80096C049 /* Build configuration list for PBXProject "berkeleyMobileiOS" */ = {
			isa = XCConfigurationList;
			buildConfigurations = (
				41E8439A1DAB3FE80096C049 /* Debug */,
				41E8439B1DAB3FE80096C049 /* Release */,
			);
			defaultConfigurationIsVisible = 0;
			defaultConfigurationName = Release;
		};
		41E8439C1DAB3FE80096C049 /* Build configuration list for PBXNativeTarget "berkeleyMobileiOS" */ = {
			isa = XCConfigurationList;
			buildConfigurations = (
				41E8439D1DAB3FE80096C049 /* Debug */,
				41E8439E1DAB3FE80096C049 /* Release */,
			);
			defaultConfigurationIsVisible = 0;
			defaultConfigurationName = Release;
		};
/* End XCConfigurationList section */
	};
	rootObject = 41E843821DAB3FE80096C049 /* Project object */;
}
