// !$*UTF8*$!
{
	archiveVersion = 1;
	classes = {
	};
	objectVersion = 46;
	objects = {

/* Begin PBXBuildFile section */
		28037E5E1DD96C7F00935E62 /* DiningHallDetailViewController.swift in Sources */ = {isa = PBXBuildFile; fileRef = 28037E5D1DD96C7F00935E62 /* DiningHallDetailViewController.swift */; };
		28037E601DD970B100935E62 /* DiningHallItemCell.swift in Sources */ = {isa = PBXBuildFile; fileRef = 28037E5F1DD970B100935E62 /* DiningHallItemCell.swift */; };
		28037E621DD9798C00935E62 /* DetailViewController.swift in Sources */ = {isa = PBXBuildFile; fileRef = 28037E611DD9798C00935E62 /* DetailViewController.swift */; };
		28037E641DD97DF600935E62 /* LibrariesListViewController.swift in Sources */ = {isa = PBXBuildFile; fileRef = 28037E631DD97DF600935E62 /* LibrariesListViewController.swift */; };
		286D90241DDE9D86001DCBB6 /* LibraryMapViewController.swift in Sources */ = {isa = PBXBuildFile; fileRef = 286D90231DDE9D86001DCBB6 /* LibraryMapViewController.swift */; };
		41101F9D1DDEC5AD00D8D741 /* AcademicsNavigationController.swift in Sources */ = {isa = PBXBuildFile; fileRef = 41101F9C1DDEC5AD00D8D741 /* AcademicsNavigationController.swift */; };
		41101F9F1DDEC5CF00D8D741 /* RecreationNavigationController.swift in Sources */ = {isa = PBXBuildFile; fileRef = 41101F9E1DDEC5CF00D8D741 /* RecreationNavigationController.swift */; };
		41101FA11DDEC60400D8D741 /* DiningHallsNavigationController.swift in Sources */ = {isa = PBXBuildFile; fileRef = 41101FA01DDEC60400D8D741 /* DiningHallsNavigationController.swift */; };
		41101FA31DDEC62900D8D741 /* BearTransitNavigationController.swift in Sources */ = {isa = PBXBuildFile; fileRef = 41101FA21DDEC62900D8D741 /* BearTransitNavigationController.swift */; };
		41661D0A1DCEFC760044E7B4 /* Material.framework in Frameworks */ = {isa = PBXBuildFile; fileRef = 41661D021DCEFC110044E7B4 /* Material.framework */; };
		41B56A381DD06E7D00BC3DD2 /* Alamofire.framework in Frameworks */ = {isa = PBXBuildFile; fileRef = 41B56A371DD06E7D00BC3DD2 /* Alamofire.framework */; };
		41B56A3A1DD06E9500BC3DD2 /* SwiftyJSON.framework in Frameworks */ = {isa = PBXBuildFile; fileRef = 41B56A391DD06E9500BC3DD2 /* SwiftyJSON.framework */; };
		41E8438E1DAB3FE80096C049 /* AppDelegate.swift in Sources */ = {isa = PBXBuildFile; fileRef = 41E8438D1DAB3FE80096C049 /* AppDelegate.swift */; };
		41E843951DAB3FE80096C049 /* Assets.xcassets in Resources */ = {isa = PBXBuildFile; fileRef = 41E843941DAB3FE80096C049 /* Assets.xcassets */; };
		4E505D3F1DD05A65004AC6C9 /* AcademicsViewController.swift in Sources */ = {isa = PBXBuildFile; fileRef = 4E505D2E1DD05A65004AC6C9 /* AcademicsViewController.swift */; };
		4E505D401DD05A65004AC6C9 /* BaseViewController.swift in Sources */ = {isa = PBXBuildFile; fileRef = 4E505D301DD05A65004AC6C9 /* BaseViewController.swift */; };
		4E505D411DD05A65004AC6C9 /* TabBarController.swift in Sources */ = {isa = PBXBuildFile; fileRef = 4E505D311DD05A65004AC6C9 /* TabBarController.swift */; };
		4E505D421DD05A65004AC6C9 /* DiningHallsViewController.swift in Sources */ = {isa = PBXBuildFile; fileRef = 4E505D331DD05A65004AC6C9 /* DiningHallsViewController.swift */; };
		4E505D431DD05A65004AC6C9 /* HomeCollectionViewCell.swift in Sources */ = {isa = PBXBuildFile; fileRef = 4E505D351DD05A65004AC6C9 /* HomeCollectionViewCell.swift */; };
		4E505D441DD05A65004AC6C9 /* HomeTableViewCell.swift in Sources */ = {isa = PBXBuildFile; fileRef = 4E505D361DD05A65004AC6C9 /* HomeTableViewCell.swift */; };
		4E505D451DD05A65004AC6C9 /* HomeViewController.swift in Sources */ = {isa = PBXBuildFile; fileRef = 4E505D371DD05A65004AC6C9 /* HomeViewController.swift */; };
		4E505D461DD05A65004AC6C9 /* LaunchViewController.swift in Sources */ = {isa = PBXBuildFile; fileRef = 4E505D381DD05A65004AC6C9 /* LaunchViewController.swift */; };
		4E505D471DD05A65004AC6C9 /* RecreationViewController.swift in Sources */ = {isa = PBXBuildFile; fileRef = 4E505D3A1DD05A65004AC6C9 /* RecreationViewController.swift */; };
		4E505D481DD05A65004AC6C9 /* BearTransitViewController.swift in Sources */ = {isa = PBXBuildFile; fileRef = 4E505D3C1DD05A65004AC6C9 /* BearTransitViewController.swift */; };
		4E505D491DD05A65004AC6C9 /* ConvenienceMethods.swift in Sources */ = {isa = PBXBuildFile; fileRef = 4E505D3E1DD05A65004AC6C9 /* ConvenienceMethods.swift */; };
		4E5CAED71DD02B5C00ECAF8E /* Main.storyboard in Resources */ = {isa = PBXBuildFile; fileRef = 4E5CAED41DD02B5C00ECAF8E /* Main.storyboard */; };
		F1831570400BC13F0EDD243E /* Pods_berkeleyMobileiOS.framework in Frameworks */ = {isa = PBXBuildFile; fileRef = 2145738E109E31684887C5EE /* Pods_berkeleyMobileiOS.framework */; };
/* End PBXBuildFile section */

/* Begin PBXFileReference section */
		2145738E109E31684887C5EE /* Pods_berkeleyMobileiOS.framework */ = {isa = PBXFileReference; explicitFileType = wrapper.framework; includeInIndex = 0; path = Pods_berkeleyMobileiOS.framework; sourceTree = BUILT_PRODUCTS_DIR; };
		28037E5D1DD96C7F00935E62 /* DiningHallDetailViewController.swift */ = {isa = PBXFileReference; fileEncoding = 4; lastKnownFileType = sourcecode.swift; path = DiningHallDetailViewController.swift; sourceTree = "<group>"; };
		28037E5F1DD970B100935E62 /* DiningHallItemCell.swift */ = {isa = PBXFileReference; fileEncoding = 4; lastKnownFileType = sourcecode.swift; path = DiningHallItemCell.swift; sourceTree = "<group>"; };
		28037E611DD9798C00935E62 /* DetailViewController.swift */ = {isa = PBXFileReference; fileEncoding = 4; lastKnownFileType = sourcecode.swift; name = DetailViewController.swift; path = Academics/DetailViewController.swift; sourceTree = "<group>"; };
		28037E631DD97DF600935E62 /* LibrariesListViewController.swift */ = {isa = PBXFileReference; fileEncoding = 4; lastKnownFileType = sourcecode.swift; path = LibrariesListViewController.swift; sourceTree = "<group>"; };
		286D90231DDE9D86001DCBB6 /* LibraryMapViewController.swift */ = {isa = PBXFileReference; fileEncoding = 4; lastKnownFileType = sourcecode.swift; path = LibraryMapViewController.swift; sourceTree = "<group>"; };
		41101F9C1DDEC5AD00D8D741 /* AcademicsNavigationController.swift */ = {isa = PBXFileReference; fileEncoding = 4; lastKnownFileType = sourcecode.swift; path = AcademicsNavigationController.swift; sourceTree = "<group>"; };
		41101F9E1DDEC5CF00D8D741 /* RecreationNavigationController.swift */ = {isa = PBXFileReference; fileEncoding = 4; lastKnownFileType = sourcecode.swift; path = RecreationNavigationController.swift; sourceTree = "<group>"; };
		41101FA01DDEC60400D8D741 /* DiningHallsNavigationController.swift */ = {isa = PBXFileReference; fileEncoding = 4; lastKnownFileType = sourcecode.swift; path = DiningHallsNavigationController.swift; sourceTree = "<group>"; };
		41101FA21DDEC62900D8D741 /* BearTransitNavigationController.swift */ = {isa = PBXFileReference; fileEncoding = 4; lastKnownFileType = sourcecode.swift; path = BearTransitNavigationController.swift; sourceTree = "<group>"; };
		41661D021DCEFC110044E7B4 /* Material.framework */ = {isa = PBXFileReference; lastKnownFileType = wrapper.framework; name = Material.framework; path = "../../Library/Developer/Xcode/DerivedData/berkeleyMobileiOS-fqwsgytduwzwkifixxlmawnrvtwq/Build/Products/Debug-iphonesimulator/Material/Material.framework"; sourceTree = "<group>"; };
		41B56A371DD06E7D00BC3DD2 /* Alamofire.framework */ = {isa = PBXFileReference; lastKnownFileType = wrapper.framework; name = Alamofire.framework; path = "Pods/../build/Debug-iphoneos/Alamofire/Alamofire.framework"; sourceTree = "<group>"; };
		41B56A391DD06E9500BC3DD2 /* SwiftyJSON.framework */ = {isa = PBXFileReference; lastKnownFileType = wrapper.framework; name = SwiftyJSON.framework; path = "Pods/../build/Debug-iphoneos/SwiftyJSON/SwiftyJSON.framework"; sourceTree = "<group>"; };
		41E8438A1DAB3FE80096C049 /* berkeleyMobileiOS.app */ = {isa = PBXFileReference; explicitFileType = wrapper.application; includeInIndex = 0; path = berkeleyMobileiOS.app; sourceTree = BUILT_PRODUCTS_DIR; };
		41E8438D1DAB3FE80096C049 /* AppDelegate.swift */ = {isa = PBXFileReference; lastKnownFileType = sourcecode.swift; path = AppDelegate.swift; sourceTree = "<group>"; };
		41E843941DAB3FE80096C049 /* Assets.xcassets */ = {isa = PBXFileReference; lastKnownFileType = folder.assetcatalog; path = Assets.xcassets; sourceTree = "<group>"; };
		41E843991DAB3FE80096C049 /* Info.plist */ = {isa = PBXFileReference; lastKnownFileType = text.plist.xml; path = Info.plist; sourceTree = "<group>"; };
		4E505D2E1DD05A65004AC6C9 /* AcademicsViewController.swift */ = {isa = PBXFileReference; fileEncoding = 4; lastKnownFileType = sourcecode.swift; path = AcademicsViewController.swift; sourceTree = "<group>"; };
		4E505D301DD05A65004AC6C9 /* BaseViewController.swift */ = {isa = PBXFileReference; fileEncoding = 4; lastKnownFileType = sourcecode.swift; path = BaseViewController.swift; sourceTree = "<group>"; };
		4E505D311DD05A65004AC6C9 /* TabBarController.swift */ = {isa = PBXFileReference; fileEncoding = 4; lastKnownFileType = sourcecode.swift; path = TabBarController.swift; sourceTree = "<group>"; };
		4E505D331DD05A65004AC6C9 /* DiningHallsViewController.swift */ = {isa = PBXFileReference; fileEncoding = 4; lastKnownFileType = sourcecode.swift; path = DiningHallsViewController.swift; sourceTree = "<group>"; };
		4E505D351DD05A65004AC6C9 /* HomeCollectionViewCell.swift */ = {isa = PBXFileReference; fileEncoding = 4; lastKnownFileType = sourcecode.swift; path = HomeCollectionViewCell.swift; sourceTree = "<group>"; };
		4E505D361DD05A65004AC6C9 /* HomeTableViewCell.swift */ = {isa = PBXFileReference; fileEncoding = 4; lastKnownFileType = sourcecode.swift; path = HomeTableViewCell.swift; sourceTree = "<group>"; };
		4E505D371DD05A65004AC6C9 /* HomeViewController.swift */ = {isa = PBXFileReference; fileEncoding = 4; lastKnownFileType = sourcecode.swift; path = HomeViewController.swift; sourceTree = "<group>"; };
		4E505D381DD05A65004AC6C9 /* LaunchViewController.swift */ = {isa = PBXFileReference; fileEncoding = 4; lastKnownFileType = sourcecode.swift; path = LaunchViewController.swift; sourceTree = "<group>"; };
		4E505D3A1DD05A65004AC6C9 /* RecreationViewController.swift */ = {isa = PBXFileReference; fileEncoding = 4; lastKnownFileType = sourcecode.swift; path = RecreationViewController.swift; sourceTree = "<group>"; };
		4E505D3C1DD05A65004AC6C9 /* BearTransitViewController.swift */ = {isa = PBXFileReference; fileEncoding = 4; lastKnownFileType = sourcecode.swift; path = BearTransitViewController.swift; sourceTree = "<group>"; };
		4E505D3E1DD05A65004AC6C9 /* ConvenienceMethods.swift */ = {isa = PBXFileReference; fileEncoding = 4; lastKnownFileType = sourcecode.swift; path = ConvenienceMethods.swift; sourceTree = "<group>"; };
		4E5CAED41DD02B5C00ECAF8E /* Main.storyboard */ = {isa = PBXFileReference; fileEncoding = 4; lastKnownFileType = file.storyboard; path = Main.storyboard; sourceTree = "<group>"; };
		7BC35364DDC70E5590C55CCF /* Pods-berkeleyMobileiOS.release.xcconfig */ = {isa = PBXFileReference; includeInIndex = 1; lastKnownFileType = text.xcconfig; name = "Pods-berkeleyMobileiOS.release.xcconfig"; path = "Pods/Target Support Files/Pods-berkeleyMobileiOS/Pods-berkeleyMobileiOS.release.xcconfig"; sourceTree = "<group>"; };
		9D72D6DF911EDC0F04EE307F /* Pods-berkeleyMobileiOS.debug.xcconfig */ = {isa = PBXFileReference; includeInIndex = 1; lastKnownFileType = text.xcconfig; name = "Pods-berkeleyMobileiOS.debug.xcconfig"; path = "Pods/Target Support Files/Pods-berkeleyMobileiOS/Pods-berkeleyMobileiOS.debug.xcconfig"; sourceTree = "<group>"; };
/* End PBXFileReference section */

/* Begin PBXFrameworksBuildPhase section */
		41E843871DAB3FE80096C049 /* Frameworks */ = {
			isa = PBXFrameworksBuildPhase;
			buildActionMask = 2147483647;
			files = (
				41B56A3A1DD06E9500BC3DD2 /* SwiftyJSON.framework in Frameworks */,
				41B56A381DD06E7D00BC3DD2 /* Alamofire.framework in Frameworks */,
				41661D0A1DCEFC760044E7B4 /* Material.framework in Frameworks */,
				F1831570400BC13F0EDD243E /* Pods_berkeleyMobileiOS.framework in Frameworks */,
			);
			runOnlyForDeploymentPostprocessing = 0;
		};
/* End PBXFrameworksBuildPhase section */

/* Begin PBXGroup section */
		41E843811DAB3FE80096C049 = {
			isa = PBXGroup;
			children = (
				41E8438C1DAB3FE80096C049 /* berkeleyMobileiOS */,
				41E8438B1DAB3FE80096C049 /* Products */,
				93BD09A1D2E78ACB866AE8D4 /* Pods */,
				BADAC15CCD681293C4FD4336 /* Frameworks */,
			);
			sourceTree = "<group>";
		};
		41E8438B1DAB3FE80096C049 /* Products */ = {
			isa = PBXGroup;
			children = (
				41E8438A1DAB3FE80096C049 /* berkeleyMobileiOS.app */,
			);
			name = Products;
			sourceTree = "<group>";
		};
		41E8438C1DAB3FE80096C049 /* berkeleyMobileiOS */ = {
			isa = PBXGroup;
			children = (
				41E8438D1DAB3FE80096C049 /* AppDelegate.swift */,
				4E505D2C1DD05A65004AC6C9 /* Classes */,
				4E5CAED11DD02B5C00ECAF8E /* Storyboards */,
				41E843941DAB3FE80096C049 /* Assets.xcassets */,
				41E843991DAB3FE80096C049 /* Info.plist */,
			);
			path = berkeleyMobileiOS;
			sourceTree = "<group>";
		};
		4E505D2C1DD05A65004AC6C9 /* Classes */ = {
			isa = PBXGroup;
			children = (
				4E505D2D1DD05A65004AC6C9 /* Academics */,
				4E505D2F1DD05A65004AC6C9 /* Base */,
				4E505D321DD05A65004AC6C9 /* Dining */,
				4E505D341DD05A65004AC6C9 /* Home */,
				4E505D381DD05A65004AC6C9 /* LaunchViewController.swift */,
				4E505D391DD05A65004AC6C9 /* Recreation */,
				4E505D3B1DD05A65004AC6C9 /* Transit */,
				4E505D3D1DD05A65004AC6C9 /* Util */,
				28037E611DD9798C00935E62 /* DetailViewController.swift */,
			);
			path = Classes;
			sourceTree = "<group>";
		};
		4E505D2D1DD05A65004AC6C9 /* Academics */ = {
			isa = PBXGroup;
			children = (
				41101F9C1DDEC5AD00D8D741 /* AcademicsNavigationController.swift */,
				28037E631DD97DF600935E62 /* LibrariesListViewController.swift */,
				4E505D2E1DD05A65004AC6C9 /* AcademicsViewController.swift */,
				286D90231DDE9D86001DCBB6 /* LibraryMapViewController.swift */,
			);
			path = Academics;
			sourceTree = "<group>";
		};
		4E505D2F1DD05A65004AC6C9 /* Base */ = {
			isa = PBXGroup;
			children = (
				4E505D301DD05A65004AC6C9 /* BaseViewController.swift */,
				4E505D311DD05A65004AC6C9 /* TabBarController.swift */,
			);
			path = Base;
			sourceTree = "<group>";
		};
		4E505D321DD05A65004AC6C9 /* Dining */ = {
			isa = PBXGroup;
			children = (
				41101FA01DDEC60400D8D741 /* DiningHallsNavigationController.swift */,
				4E505D331DD05A65004AC6C9 /* DiningHallsViewController.swift */,
				28037E5D1DD96C7F00935E62 /* DiningHallDetailViewController.swift */,
				28037E5F1DD970B100935E62 /* DiningHallItemCell.swift */,
			);
			path = Dining;
			sourceTree = "<group>";
		};
		4E505D341DD05A65004AC6C9 /* Home */ = {
			isa = PBXGroup;
			children = (
				4E505D351DD05A65004AC6C9 /* HomeCollectionViewCell.swift */,
				4E505D361DD05A65004AC6C9 /* HomeTableViewCell.swift */,
				4E505D371DD05A65004AC6C9 /* HomeViewController.swift */,
			);
			path = Home;
			sourceTree = "<group>";
		};
		4E505D391DD05A65004AC6C9 /* Recreation */ = {
			isa = PBXGroup;
			children = (
				41101F9E1DDEC5CF00D8D741 /* RecreationNavigationController.swift */,
				4E505D3A1DD05A65004AC6C9 /* RecreationViewController.swift */,
			);
			path = Recreation;
			sourceTree = "<group>";
		};
		4E505D3B1DD05A65004AC6C9 /* Transit */ = {
			isa = PBXGroup;
			children = (
				41101FA21DDEC62900D8D741 /* BearTransitNavigationController.swift */,
				4E505D3C1DD05A65004AC6C9 /* BearTransitViewController.swift */,
			);
			path = Transit;
			sourceTree = "<group>";
		};
		4E505D3D1DD05A65004AC6C9 /* Util */ = {
			isa = PBXGroup;
			children = (
				4E505D3E1DD05A65004AC6C9 /* ConvenienceMethods.swift */,
			);
			path = Util;
			sourceTree = "<group>";
		};
		4E5CAED11DD02B5C00ECAF8E /* Storyboards */ = {
			isa = PBXGroup;
			children = (
				4E5CAED41DD02B5C00ECAF8E /* Main.storyboard */,
			);
			path = Storyboards;
			sourceTree = "<group>";
		};
		93BD09A1D2E78ACB866AE8D4 /* Pods */ = {
			isa = PBXGroup;
			children = (
				9D72D6DF911EDC0F04EE307F /* Pods-berkeleyMobileiOS.debug.xcconfig */,
				7BC35364DDC70E5590C55CCF /* Pods-berkeleyMobileiOS.release.xcconfig */,
			);
			name = Pods;
			sourceTree = "<group>";
		};
		BADAC15CCD681293C4FD4336 /* Frameworks */ = {
			isa = PBXGroup;
			children = (
				41B56A391DD06E9500BC3DD2 /* SwiftyJSON.framework */,
				41B56A371DD06E7D00BC3DD2 /* Alamofire.framework */,
				41661D021DCEFC110044E7B4 /* Material.framework */,
				2145738E109E31684887C5EE /* Pods_berkeleyMobileiOS.framework */,
			);
			name = Frameworks;
			sourceTree = "<group>";
		};
/* End PBXGroup section */

/* Begin PBXNativeTarget section */
		41E843891DAB3FE80096C049 /* berkeleyMobileiOS */ = {
			isa = PBXNativeTarget;
			buildConfigurationList = 41E8439C1DAB3FE80096C049 /* Build configuration list for PBXNativeTarget "berkeleyMobileiOS" */;
			buildPhases = (
				A2A9E27ACE9FBC567AF40778 /* [CP] Check Pods Manifest.lock */,
				41E843861DAB3FE80096C049 /* Sources */,
				41E843871DAB3FE80096C049 /* Frameworks */,
				41E843881DAB3FE80096C049 /* Resources */,
				870E1645707A169312C5FB2C /* [CP] Embed Pods Frameworks */,
				72F272B633396CA43BAB0E06 /* [CP] Copy Pods Resources */,
			);
			buildRules = (
			);
			dependencies = (
			);
			name = berkeleyMobileiOS;
			productName = berkeleyMobileiOS;
			productReference = 41E8438A1DAB3FE80096C049 /* berkeleyMobileiOS.app */;
			productType = "com.apple.product-type.application";
		};
/* End PBXNativeTarget section */

/* Begin PBXProject section */
		41E843821DAB3FE80096C049 /* Project object */ = {
			isa = PBXProject;
			attributes = {
				LastSwiftUpdateCheck = 0800;
				LastUpgradeCheck = 0810;
				ORGANIZATIONNAME = org.berkeleyMobile;
				TargetAttributes = {
					41E843891DAB3FE80096C049 = {
						CreatedOnToolsVersion = 8.0;
						DevelopmentTeam = 33VXG65XJB;
						LastSwiftMigration = 0800;
						ProvisioningStyle = Automatic;
					};
				};
			};
			buildConfigurationList = 41E843851DAB3FE80096C049 /* Build configuration list for PBXProject "berkeleyMobileiOS" */;
			compatibilityVersion = "Xcode 3.2";
			developmentRegion = English;
			hasScannedForEncodings = 0;
			knownRegions = (
				en,
				Base,
			);
			mainGroup = 41E843811DAB3FE80096C049;
			productRefGroup = 41E8438B1DAB3FE80096C049 /* Products */;
			projectDirPath = "";
			projectRoot = "";
			targets = (
				41E843891DAB3FE80096C049 /* berkeleyMobileiOS */,
			);
		};
/* End PBXProject section */

/* Begin PBXResourcesBuildPhase section */
		41E843881DAB3FE80096C049 /* Resources */ = {
			isa = PBXResourcesBuildPhase;
			buildActionMask = 2147483647;
			files = (
				41E843951DAB3FE80096C049 /* Assets.xcassets in Resources */,
				4E5CAED71DD02B5C00ECAF8E /* Main.storyboard in Resources */,
			);
			runOnlyForDeploymentPostprocessing = 0;
		};
/* End PBXResourcesBuildPhase section */

/* Begin PBXShellScriptBuildPhase section */
		72F272B633396CA43BAB0E06 /* [CP] Copy Pods Resources */ = {
			isa = PBXShellScriptBuildPhase;
			buildActionMask = 2147483647;
			files = (
			);
			inputPaths = (
			);
			name = "[CP] Copy Pods Resources";
			outputPaths = (
			);
			runOnlyForDeploymentPostprocessing = 0;
			shellPath = /bin/sh;
			shellScript = "\"${SRCROOT}/Pods/Target Support Files/Pods-berkeleyMobileiOS/Pods-berkeleyMobileiOS-resources.sh\"\n";
			showEnvVarsInLog = 0;
		};
		870E1645707A169312C5FB2C /* [CP] Embed Pods Frameworks */ = {
			isa = PBXShellScriptBuildPhase;
			buildActionMask = 2147483647;
			files = (
			);
			inputPaths = (
			);
			name = "[CP] Embed Pods Frameworks";
			outputPaths = (
			);
			runOnlyForDeploymentPostprocessing = 0;
			shellPath = /bin/sh;
			shellScript = "\"${SRCROOT}/Pods/Target Support Files/Pods-berkeleyMobileiOS/Pods-berkeleyMobileiOS-frameworks.sh\"\n";
			showEnvVarsInLog = 0;
		};
		A2A9E27ACE9FBC567AF40778 /* [CP] Check Pods Manifest.lock */ = {
			isa = PBXShellScriptBuildPhase;
			buildActionMask = 2147483647;
			files = (
			);
			inputPaths = (
			);
			name = "[CP] Check Pods Manifest.lock";
			outputPaths = (
			);
			runOnlyForDeploymentPostprocessing = 0;
			shellPath = /bin/sh;
			shellScript = "diff \"${PODS_ROOT}/../Podfile.lock\" \"${PODS_ROOT}/Manifest.lock\" > /dev/null\nif [ $? != 0 ] ; then\n    # print error to STDERR\n    echo \"error: The sandbox is not in sync with the Podfile.lock. Run 'pod install' or update your CocoaPods installation.\" >&2\n    exit 1\nfi\n";
			showEnvVarsInLog = 0;
		};
/* End PBXShellScriptBuildPhase section */

/* Begin PBXSourcesBuildPhase section */
		41E843861DAB3FE80096C049 /* Sources */ = {
			isa = PBXSourcesBuildPhase;
			buildActionMask = 2147483647;
			files = (
				41E8438E1DAB3FE80096C049 /* AppDelegate.swift in Sources */,
				4E505D411DD05A65004AC6C9 /* TabBarController.swift in Sources */,
				41101F9D1DDEC5AD00D8D741 /* AcademicsNavigationController.swift in Sources */,
				28037E621DD9798C00935E62 /* DetailViewController.swift in Sources */,
				41101F9F1DDEC5CF00D8D741 /* RecreationNavigationController.swift in Sources */,
				41101FA11DDEC60400D8D741 /* DiningHallsNavigationController.swift in Sources */,
				4E505D441DD05A65004AC6C9 /* HomeTableViewCell.swift in Sources */,
				4E505D451DD05A65004AC6C9 /* HomeViewController.swift in Sources */,
				4E505D3F1DD05A65004AC6C9 /* AcademicsViewController.swift in Sources */,
				4E505D421DD05A65004AC6C9 /* DiningHallsViewController.swift in Sources */,
				28037E601DD970B100935E62 /* DiningHallItemCell.swift in Sources */,
				28037E5E1DD96C7F00935E62 /* DiningHallDetailViewController.swift in Sources */,
				4E505D401DD05A65004AC6C9 /* BaseViewController.swift in Sources */,
				286D90241DDE9D86001DCBB6 /* LibraryMapViewController.swift in Sources */,
				4E505D461DD05A65004AC6C9 /* LaunchViewController.swift in Sources */,
				4E505D491DD05A65004AC6C9 /* ConvenienceMethods.swift in Sources */,
				28037E641DD97DF600935E62 /* LibrariesListViewController.swift in Sources */,
				4E505D471DD05A65004AC6C9 /* RecreationViewController.swift in Sources */,
				41101FA31DDEC62900D8D741 /* BearTransitNavigationController.swift in Sources */,
				4E505D481DD05A65004AC6C9 /* BearTransitViewController.swift in Sources */,
				4E505D431DD05A65004AC6C9 /* HomeCollectionViewCell.swift in Sources */,
			);
			runOnlyForDeploymentPostprocessing = 0;
		};
/* End PBXSourcesBuildPhase section */

/* Begin XCBuildConfiguration section */
		41E8439A1DAB3FE80096C049 /* Debug */ = {
			isa = XCBuildConfiguration;
			buildSettings = {
				ALWAYS_SEARCH_USER_PATHS = NO;
				CLANG_ANALYZER_NONNULL = YES;
				CLANG_CXX_LANGUAGE_STANDARD = "gnu++0x";
				CLANG_CXX_LIBRARY = "libc++";
				CLANG_ENABLE_MODULES = YES;
				CLANG_ENABLE_OBJC_ARC = YES;
				CLANG_WARN_BOOL_CONVERSION = YES;
				CLANG_WARN_CONSTANT_CONVERSION = YES;
				CLANG_WARN_DIRECT_OBJC_ISA_USAGE = YES_ERROR;
				CLANG_WARN_DOCUMENTATION_COMMENTS = YES;
				CLANG_WARN_EMPTY_BODY = YES;
				CLANG_WARN_ENUM_CONVERSION = YES;
				CLANG_WARN_INFINITE_RECURSION = YES;
				CLANG_WARN_INT_CONVERSION = YES;
				CLANG_WARN_OBJC_ROOT_CLASS = YES_ERROR;
				CLANG_WARN_SUSPICIOUS_MOVE = YES;
				CLANG_WARN_SUSPICIOUS_MOVES = YES;
				CLANG_WARN_UNREACHABLE_CODE = YES;
				CLANG_WARN__DUPLICATE_METHOD_MATCH = YES;
				"CODE_SIGN_IDENTITY[sdk=iphoneos*]" = "iPhone Developer";
				COPY_PHASE_STRIP = NO;
				DEBUG_INFORMATION_FORMAT = dwarf;
				ENABLE_STRICT_OBJC_MSGSEND = YES;
				ENABLE_TESTABILITY = YES;
				GCC_C_LANGUAGE_STANDARD = gnu99;
				GCC_DYNAMIC_NO_PIC = NO;
				GCC_NO_COMMON_BLOCKS = YES;
				GCC_OPTIMIZATION_LEVEL = 0;
				GCC_PREPROCESSOR_DEFINITIONS = (
					"DEBUG=1",
					"$(inherited)",
				);
				GCC_WARN_64_TO_32_BIT_CONVERSION = YES;
				GCC_WARN_ABOUT_RETURN_TYPE = YES_ERROR;
				GCC_WARN_UNDECLARED_SELECTOR = YES;
				GCC_WARN_UNINITIALIZED_AUTOS = YES_AGGRESSIVE;
				GCC_WARN_UNUSED_FUNCTION = YES;
				GCC_WARN_UNUSED_VARIABLE = YES;
				IPHONEOS_DEPLOYMENT_TARGET = 10.0;
				MTL_ENABLE_DEBUG_INFO = YES;
				ONLY_ACTIVE_ARCH = YES;
				SDKROOT = iphoneos;
				SWIFT_ACTIVE_COMPILATION_CONDITIONS = DEBUG;
				SWIFT_OPTIMIZATION_LEVEL = "-Onone";
				TARGETED_DEVICE_FAMILY = "1,2";
			};
			name = Debug;
		};
		41E8439B1DAB3FE80096C049 /* Release */ = {
			isa = XCBuildConfiguration;
			buildSettings = {
				ALWAYS_SEARCH_USER_PATHS = NO;
				CLANG_ANALYZER_NONNULL = YES;
				CLANG_CXX_LANGUAGE_STANDARD = "gnu++0x";
				CLANG_CXX_LIBRARY = "libc++";
				CLANG_ENABLE_MODULES = YES;
				CLANG_ENABLE_OBJC_ARC = YES;
				CLANG_WARN_BOOL_CONVERSION = YES;
				CLANG_WARN_CONSTANT_CONVERSION = YES;
				CLANG_WARN_DIRECT_OBJC_ISA_USAGE = YES_ERROR;
				CLANG_WARN_DOCUMENTATION_COMMENTS = YES;
				CLANG_WARN_EMPTY_BODY = YES;
				CLANG_WARN_ENUM_CONVERSION = YES;
				CLANG_WARN_INFINITE_RECURSION = YES;
				CLANG_WARN_INT_CONVERSION = YES;
				CLANG_WARN_OBJC_ROOT_CLASS = YES_ERROR;
				CLANG_WARN_SUSPICIOUS_MOVE = YES;
				CLANG_WARN_SUSPICIOUS_MOVES = YES;
				CLANG_WARN_UNREACHABLE_CODE = YES;
				CLANG_WARN__DUPLICATE_METHOD_MATCH = YES;
				"CODE_SIGN_IDENTITY[sdk=iphoneos*]" = "iPhone Developer";
				COPY_PHASE_STRIP = NO;
				DEBUG_INFORMATION_FORMAT = "dwarf-with-dsym";
				ENABLE_NS_ASSERTIONS = NO;
				ENABLE_STRICT_OBJC_MSGSEND = YES;
				GCC_C_LANGUAGE_STANDARD = gnu99;
				GCC_NO_COMMON_BLOCKS = YES;
				GCC_WARN_64_TO_32_BIT_CONVERSION = YES;
				GCC_WARN_ABOUT_RETURN_TYPE = YES_ERROR;
				GCC_WARN_UNDECLARED_SELECTOR = YES;
				GCC_WARN_UNINITIALIZED_AUTOS = YES_AGGRESSIVE;
				GCC_WARN_UNUSED_FUNCTION = YES;
				GCC_WARN_UNUSED_VARIABLE = YES;
				IPHONEOS_DEPLOYMENT_TARGET = 10.0;
				MTL_ENABLE_DEBUG_INFO = NO;
				SDKROOT = iphoneos;
				SWIFT_OPTIMIZATION_LEVEL = "-Owholemodule";
				TARGETED_DEVICE_FAMILY = "1,2";
				VALIDATE_PRODUCT = YES;
			};
			name = Release;
		};
		41E8439D1DAB3FE80096C049 /* Debug */ = {
			isa = XCBuildConfiguration;
			baseConfigurationReference = 9D72D6DF911EDC0F04EE307F /* Pods-berkeleyMobileiOS.debug.xcconfig */;
			buildSettings = {
				ALWAYS_EMBED_SWIFT_STANDARD_LIBRARIES = "$(inherited)";
				ASSETCATALOG_COMPILER_APPICON_NAME = AppIcon;
				DEVELOPMENT_TEAM = 33VXG65XJB;
				FRAMEWORK_SEARCH_PATHS = (
					"$(inherited)",
					"$(PROJECT_DIR)/build/Debug-iphoneos/Alamofire",
					"$(PROJECT_DIR)/build/Debug-iphoneos/SwiftyJSON",
				);
				INFOPLIST_FILE = berkeleyMobileiOS/Info.plist;
				LD_RUNPATH_SEARCH_PATHS = "$(inherited) @executable_path/Frameworks";
				PRODUCT_BUNDLE_IDENTIFIER = org.asucberkeleymobile.berkeleyMobileiOS;
				PRODUCT_NAME = "$(TARGET_NAME)";
				SWIFT_VERSION = 3.0;
			};
			name = Debug;
		};
		41E8439E1DAB3FE80096C049 /* Release */ = {
			isa = XCBuildConfiguration;
			baseConfigurationReference = 7BC35364DDC70E5590C55CCF /* Pods-berkeleyMobileiOS.release.xcconfig */;
			buildSettings = {
				ALWAYS_EMBED_SWIFT_STANDARD_LIBRARIES = "$(inherited)";
				ASSETCATALOG_COMPILER_APPICON_NAME = AppIcon;
				DEVELOPMENT_TEAM = 33VXG65XJB;
				FRAMEWORK_SEARCH_PATHS = (
					"$(inherited)",
					"$(PROJECT_DIR)/build/Debug-iphoneos/Alamofire",
					"$(PROJECT_DIR)/build/Debug-iphoneos/SwiftyJSON",
				);
				INFOPLIST_FILE = berkeleyMobileiOS/Info.plist;
				LD_RUNPATH_SEARCH_PATHS = "$(inherited) @executable_path/Frameworks";
				PRODUCT_BUNDLE_IDENTIFIER = org.asucberkeleymobile.berkeleyMobileiOS;
				PRODUCT_NAME = "$(TARGET_NAME)";
				SWIFT_VERSION = 3.0;
			};
			name = Release;
		};
/* End XCBuildConfiguration section */

/* Begin XCConfigurationList section */
		41E843851DAB3FE80096C049 /* Build configuration list for PBXProject "berkeleyMobileiOS" */ = {
			isa = XCConfigurationList;
			buildConfigurations = (
				41E8439A1DAB3FE80096C049 /* Debug */,
				41E8439B1DAB3FE80096C049 /* Release */,
			);
			defaultConfigurationIsVisible = 0;
			defaultConfigurationName = Release;
		};
		41E8439C1DAB3FE80096C049 /* Build configuration list for PBXNativeTarget "berkeleyMobileiOS" */ = {
			isa = XCConfigurationList;
			buildConfigurations = (
				41E8439D1DAB3FE80096C049 /* Debug */,
				41E8439E1DAB3FE80096C049 /* Release */,
			);
			defaultConfigurationIsVisible = 0;
			defaultConfigurationName = Release;
		};
/* End XCConfigurationList section */
	};
	rootObject = 41E843821DAB3FE80096C049 /* Project object */;
}
