// !$*UTF8*$!
{
	archiveVersion = 1;
	classes = {
	};
	objectVersion = 50;
	objects = {

/* Begin PBXBuildFile section */
		303F6AE1236A931D007E37DD /* TabBarControl.swift in Sources */ = {isa = PBXBuildFile; fileRef = 303F6ADD236A931D007E37DD /* TabBarControl.swift */; };
		303F6AE2236A931D007E37DD /* Utils.swift in Sources */ = {isa = PBXBuildFile; fileRef = 303F6ADE236A931D007E37DD /* Utils.swift */; };
		303F6AE3236A931D007E37DD /* CardViewController.swift in Sources */ = {isa = PBXBuildFile; fileRef = 303F6ADF236A931D007E37DD /* CardViewController.swift */; };
		303F6AE4236A931D007E37DD /* TabBarViewController.swift in Sources */ = {isa = PBXBuildFile; fileRef = 303F6AE0236A931D007E37DD /* TabBarViewController.swift */; };
		306A54EA23613E3A00D59A7F /* AppDelegate.swift in Sources */ = {isa = PBXBuildFile; fileRef = 306A54E923613E3A00D59A7F /* AppDelegate.swift */; };
		306A54EC23613E3A00D59A7F /* SceneDelegate.swift in Sources */ = {isa = PBXBuildFile; fileRef = 306A54EB23613E3A00D59A7F /* SceneDelegate.swift */; };
		306A54EE23613E3A00D59A7F /* MapViewController.swift in Sources */ = {isa = PBXBuildFile; fileRef = 306A54ED23613E3A00D59A7F /* MapViewController.swift */; };
		306A54F323613E3D00D59A7F /* Assets.xcassets in Resources */ = {isa = PBXBuildFile; fileRef = 306A54F223613E3D00D59A7F /* Assets.xcassets */; };
		306A54F623613E3D00D59A7F /* LaunchScreen.storyboard in Resources */ = {isa = PBXBuildFile; fileRef = 306A54F423613E3D00D59A7F /* LaunchScreen.storyboard */; };
		306A54FE236142B800D59A7F /* DrawerViewController.swift in Sources */ = {isa = PBXBuildFile; fileRef = 306A54FD236142B800D59A7F /* DrawerViewController.swift */; };
		306A550023614C0000D59A7F /* MainContainerViewController.swift in Sources */ = {isa = PBXBuildFile; fileRef = 306A54FF23614C0000D59A7F /* MainContainerViewController.swift */; };
		55DCF78723722CBD001B01B8 /* Colors.swift in Sources */ = {isa = PBXBuildFile; fileRef = 55DCF78623722CBD001B01B8 /* Colors.swift */; };
		55DCF78923722CF1001B01B8 /* Fonts.swift in Sources */ = {isa = PBXBuildFile; fileRef = 55DCF78823722CF1001B01B8 /* Fonts.swift */; };
		55DCF78C2372324E001B01B8 /* Raleway-Medium.ttf in Resources */ = {isa = PBXBuildFile; fileRef = 55DCF78B2372324E001B01B8 /* Raleway-Medium.ttf */; };
		55DCF78E23723258001B01B8 /* Raleway-Regular.ttf in Resources */ = {isa = PBXBuildFile; fileRef = 55DCF78D23723258001B01B8 /* Raleway-Regular.ttf */; };
		55DCF79023723260001B01B8 /* Raleway-Thin.ttf in Resources */ = {isa = PBXBuildFile; fileRef = 55DCF78F23723260001B01B8 /* Raleway-Thin.ttf */; };
		55DCF7922372326A001B01B8 /* Raleway-Bold.ttf in Resources */ = {isa = PBXBuildFile; fileRef = 55DCF7912372326A001B01B8 /* Raleway-Bold.ttf */; };
		55DCF79423723452001B01B8 /* SearchBarView.swift in Sources */ = {isa = PBXBuildFile; fileRef = 55DCF79323723452001B01B8 /* SearchBarView.swift */; };
		55DCF79623723CF2001B01B8 /* Extensions.swift in Sources */ = {isa = PBXBuildFile; fileRef = 55DCF79523723CF2001B01B8 /* Extensions.swift */; };
		55DCF79B237243D4001B01B8 /* MaterialTextField.swift in Sources */ = {isa = PBXBuildFile; fileRef = 55DCF79A237243D4001B01B8 /* MaterialTextField.swift */; };
		55DCF79D237243F5001B01B8 /* RippleLayer.swift in Sources */ = {isa = PBXBuildFile; fileRef = 55DCF79C237243F5001B01B8 /* RippleLayer.swift */; };
		55DCF79F237245BA001B01B8 /* Raleway-SemiBold.ttf in Resources */ = {isa = PBXBuildFile; fileRef = 55DCF79E237245B9001B01B8 /* Raleway-SemiBold.ttf */; };
/* End PBXBuildFile section */

/* Begin PBXFileReference section */
		303F6ADD236A931D007E37DD /* TabBarControl.swift */ = {isa = PBXFileReference; fileEncoding = 4; lastKnownFileType = sourcecode.swift; path = TabBarControl.swift; sourceTree = "<group>"; };
		303F6ADE236A931D007E37DD /* Utils.swift */ = {isa = PBXFileReference; fileEncoding = 4; lastKnownFileType = sourcecode.swift; path = Utils.swift; sourceTree = "<group>"; };
		303F6ADF236A931D007E37DD /* CardViewController.swift */ = {isa = PBXFileReference; fileEncoding = 4; lastKnownFileType = sourcecode.swift; path = CardViewController.swift; sourceTree = "<group>"; };
		303F6AE0236A931D007E37DD /* TabBarViewController.swift */ = {isa = PBXFileReference; fileEncoding = 4; lastKnownFileType = sourcecode.swift; path = TabBarViewController.swift; sourceTree = "<group>"; };
		306A54E623613E3A00D59A7F /* bm-persona.app */ = {isa = PBXFileReference; explicitFileType = wrapper.application; includeInIndex = 0; path = "bm-persona.app"; sourceTree = BUILT_PRODUCTS_DIR; };
		306A54E923613E3A00D59A7F /* AppDelegate.swift */ = {isa = PBXFileReference; lastKnownFileType = sourcecode.swift; path = AppDelegate.swift; sourceTree = "<group>"; };
		306A54EB23613E3A00D59A7F /* SceneDelegate.swift */ = {isa = PBXFileReference; lastKnownFileType = sourcecode.swift; path = SceneDelegate.swift; sourceTree = "<group>"; };
		306A54ED23613E3A00D59A7F /* MapViewController.swift */ = {isa = PBXFileReference; lastKnownFileType = sourcecode.swift; path = MapViewController.swift; sourceTree = "<group>"; };
		306A54F223613E3D00D59A7F /* Assets.xcassets */ = {isa = PBXFileReference; lastKnownFileType = folder.assetcatalog; path = Assets.xcassets; sourceTree = "<group>"; };
		306A54F523613E3D00D59A7F /* Base */ = {isa = PBXFileReference; lastKnownFileType = file.storyboard; name = Base; path = Base.lproj/LaunchScreen.storyboard; sourceTree = "<group>"; };
		306A54F723613E3D00D59A7F /* Info.plist */ = {isa = PBXFileReference; lastKnownFileType = text.plist.xml; path = Info.plist; sourceTree = "<group>"; };
		306A54FD236142B800D59A7F /* DrawerViewController.swift */ = {isa = PBXFileReference; lastKnownFileType = sourcecode.swift; path = DrawerViewController.swift; sourceTree = "<group>"; };
		306A54FF23614C0000D59A7F /* MainContainerViewController.swift */ = {isa = PBXFileReference; lastKnownFileType = sourcecode.swift; path = MainContainerViewController.swift; sourceTree = "<group>"; };
		55DCF78623722CBD001B01B8 /* Colors.swift */ = {isa = PBXFileReference; lastKnownFileType = sourcecode.swift; path = Colors.swift; sourceTree = "<group>"; };
		55DCF78823722CF1001B01B8 /* Fonts.swift */ = {isa = PBXFileReference; lastKnownFileType = sourcecode.swift; path = Fonts.swift; sourceTree = "<group>"; };
		55DCF78B2372324E001B01B8 /* Raleway-Medium.ttf */ = {isa = PBXFileReference; lastKnownFileType = file; path = "Raleway-Medium.ttf"; sourceTree = "<group>"; };
		55DCF78D23723258001B01B8 /* Raleway-Regular.ttf */ = {isa = PBXFileReference; lastKnownFileType = file; path = "Raleway-Regular.ttf"; sourceTree = "<group>"; };
		55DCF78F23723260001B01B8 /* Raleway-Thin.ttf */ = {isa = PBXFileReference; lastKnownFileType = file; path = "Raleway-Thin.ttf"; sourceTree = "<group>"; };
		55DCF7912372326A001B01B8 /* Raleway-Bold.ttf */ = {isa = PBXFileReference; lastKnownFileType = file; path = "Raleway-Bold.ttf"; sourceTree = "<group>"; };
		55DCF79323723452001B01B8 /* SearchBarView.swift */ = {isa = PBXFileReference; lastKnownFileType = sourcecode.swift; path = SearchBarView.swift; sourceTree = "<group>"; };
		55DCF79523723CF2001B01B8 /* Extensions.swift */ = {isa = PBXFileReference; lastKnownFileType = sourcecode.swift; path = Extensions.swift; sourceTree = "<group>"; };
		55DCF79A237243D4001B01B8 /* MaterialTextField.swift */ = {isa = PBXFileReference; lastKnownFileType = sourcecode.swift; path = MaterialTextField.swift; sourceTree = "<group>"; };
		55DCF79C237243F5001B01B8 /* RippleLayer.swift */ = {isa = PBXFileReference; lastKnownFileType = sourcecode.swift; path = RippleLayer.swift; sourceTree = "<group>"; };
		55DCF79E237245B9001B01B8 /* Raleway-SemiBold.ttf */ = {isa = PBXFileReference; lastKnownFileType = file; path = "Raleway-SemiBold.ttf"; sourceTree = "<group>"; };
/* End PBXFileReference section */

/* Begin PBXFrameworksBuildPhase section */
		306A54E323613E3A00D59A7F /* Frameworks */ = {
			isa = PBXFrameworksBuildPhase;
			buildActionMask = 2147483647;
			files = (
			);
			runOnlyForDeploymentPostprocessing = 0;
		};
/* End PBXFrameworksBuildPhase section */

/* Begin PBXGroup section */
		303F6ADC236A9274007E37DD /* Drawer */ = {
			isa = PBXGroup;
			children = (
				303F6AE5236A9C0D007E37DD /* DrawerTabBar */,
				306A54FD236142B800D59A7F /* DrawerViewController.swift */,
			);
			path = Drawer;
			sourceTree = "<group>";
		};
		303F6AE5236A9C0D007E37DD /* DrawerTabBar */ = {
			isa = PBXGroup;
			children = (
				303F6ADF236A931D007E37DD /* CardViewController.swift */,
				303F6ADD236A931D007E37DD /* TabBarControl.swift */,
				303F6AE0236A931D007E37DD /* TabBarViewController.swift */,
				303F6ADE236A931D007E37DD /* Utils.swift */,
			);
			path = DrawerTabBar;
			sourceTree = "<group>";
		};
		303F6AE6236A9C3D007E37DD /* Map */ = {
			isa = PBXGroup;
			children = (
				55DCF799237243C5001B01B8 /* External */,
				306A54ED23613E3A00D59A7F /* MapViewController.swift */,
				55DCF79323723452001B01B8 /* SearchBarView.swift */,
				55DCF79523723CF2001B01B8 /* Extensions.swift */,
			);
			path = Map;
			sourceTree = "<group>";
		};
		306A54DD23613E3A00D59A7F = {
			isa = PBXGroup;
			children = (
				306A54E823613E3A00D59A7F /* bm-persona */,
				306A54E723613E3A00D59A7F /* Products */,
			);
			sourceTree = "<group>";
		};
		306A54E723613E3A00D59A7F /* Products */ = {
			isa = PBXGroup;
			children = (
				306A54E623613E3A00D59A7F /* bm-persona.app */,
			);
			name = Products;
			sourceTree = "<group>";
		};
		306A54E823613E3A00D59A7F /* bm-persona */ = {
			isa = PBXGroup;
			children = (
				55DCF78523722CAE001B01B8 /* Assets */,
				306A54E923613E3A00D59A7F /* AppDelegate.swift */,
				306A54EB23613E3A00D59A7F /* SceneDelegate.swift */,
				306A54FF23614C0000D59A7F /* MainContainerViewController.swift */,
				303F6AE6236A9C3D007E37DD /* Map */,
				303F6ADC236A9274007E37DD /* Drawer */,
				306A54F223613E3D00D59A7F /* Assets.xcassets */,
				306A54F423613E3D00D59A7F /* LaunchScreen.storyboard */,
				306A54F723613E3D00D59A7F /* Info.plist */,
			);
			path = "bm-persona";
			sourceTree = "<group>";
		};
		55DCF78523722CAE001B01B8 /* Assets */ = {
			isa = PBXGroup;
			children = (
				55DCF78A23723238001B01B8 /* Fonts */,
				55DCF78623722CBD001B01B8 /* Colors.swift */,
				55DCF78823722CF1001B01B8 /* Fonts.swift */,
			);
			path = Assets;
			sourceTree = "<group>";
		};
		55DCF78A23723238001B01B8 /* Fonts */ = {
			isa = PBXGroup;
			children = (
				55DCF79E237245B9001B01B8 /* Raleway-SemiBold.ttf */,
				55DCF7912372326A001B01B8 /* Raleway-Bold.ttf */,
				55DCF78F23723260001B01B8 /* Raleway-Thin.ttf */,
				55DCF78D23723258001B01B8 /* Raleway-Regular.ttf */,
				55DCF78B2372324E001B01B8 /* Raleway-Medium.ttf */,
			);
			path = Fonts;
			sourceTree = "<group>";
		};
		55DCF799237243C5001B01B8 /* External */ = {
			isa = PBXGroup;
			children = (
				55DCF79A237243D4001B01B8 /* MaterialTextField.swift */,
				55DCF79C237243F5001B01B8 /* RippleLayer.swift */,
			);
			path = External;
			sourceTree = "<group>";
		};
/* End PBXGroup section */

/* Begin PBXNativeTarget section */
		306A54E523613E3A00D59A7F /* bm-persona */ = {
			isa = PBXNativeTarget;
			buildConfigurationList = 306A54FA23613E3D00D59A7F /* Build configuration list for PBXNativeTarget "bm-persona" */;
			buildPhases = (
				306A54E223613E3A00D59A7F /* Sources */,
				306A54E323613E3A00D59A7F /* Frameworks */,
				306A54E423613E3A00D59A7F /* Resources */,
			);
			buildRules = (
			);
			dependencies = (
			);
			name = "bm-persona";
			productName = "bm-persona";
			productReference = 306A54E623613E3A00D59A7F /* bm-persona.app */;
			productType = "com.apple.product-type.application";
		};
/* End PBXNativeTarget section */

/* Begin PBXProject section */
		306A54DE23613E3A00D59A7F /* Project object */ = {
			isa = PBXProject;
			attributes = {
				LastSwiftUpdateCheck = 1100;
				LastUpgradeCheck = 1100;
				ORGANIZATIONNAME = "RJ Pimentel";
				TargetAttributes = {
					306A54E523613E3A00D59A7F = {
						CreatedOnToolsVersion = 11.0;
					};
				};
			};
			buildConfigurationList = 306A54E123613E3A00D59A7F /* Build configuration list for PBXProject "bm-persona" */;
			compatibilityVersion = "Xcode 9.3";
			developmentRegion = en;
			hasScannedForEncodings = 0;
			knownRegions = (
				en,
				Base,
			);
			mainGroup = 306A54DD23613E3A00D59A7F;
			productRefGroup = 306A54E723613E3A00D59A7F /* Products */;
			projectDirPath = "";
			projectRoot = "";
			targets = (
				306A54E523613E3A00D59A7F /* bm-persona */,
			);
		};
/* End PBXProject section */

/* Begin PBXResourcesBuildPhase section */
		306A54E423613E3A00D59A7F /* Resources */ = {
			isa = PBXResourcesBuildPhase;
			buildActionMask = 2147483647;
			files = (
				55DCF79023723260001B01B8 /* Raleway-Thin.ttf in Resources */,
				55DCF7922372326A001B01B8 /* Raleway-Bold.ttf in Resources */,
				306A54F623613E3D00D59A7F /* LaunchScreen.storyboard in Resources */,
				55DCF78C2372324E001B01B8 /* Raleway-Medium.ttf in Resources */,
				306A54F323613E3D00D59A7F /* Assets.xcassets in Resources */,
				55DCF78E23723258001B01B8 /* Raleway-Regular.ttf in Resources */,
				55DCF79F237245BA001B01B8 /* Raleway-SemiBold.ttf in Resources */,
			);
			runOnlyForDeploymentPostprocessing = 0;
		};
/* End PBXResourcesBuildPhase section */

/* Begin PBXSourcesBuildPhase section */
		306A54E223613E3A00D59A7F /* Sources */ = {
			isa = PBXSourcesBuildPhase;
			buildActionMask = 2147483647;
			files = (
				306A550023614C0000D59A7F /* MainContainerViewController.swift in Sources */,
				55DCF78723722CBD001B01B8 /* Colors.swift in Sources */,
				306A54EE23613E3A00D59A7F /* MapViewController.swift in Sources */,
				306A54FE236142B800D59A7F /* DrawerViewController.swift in Sources */,
				55DCF79D237243F5001B01B8 /* RippleLayer.swift in Sources */,
				55DCF79423723452001B01B8 /* SearchBarView.swift in Sources */,
				303F6AE2236A931D007E37DD /* Utils.swift in Sources */,
				55DCF79B237243D4001B01B8 /* MaterialTextField.swift in Sources */,
				303F6AE4236A931D007E37DD /* TabBarViewController.swift in Sources */,
				303F6AE3236A931D007E37DD /* CardViewController.swift in Sources */,
				55DCF79623723CF2001B01B8 /* Extensions.swift in Sources */,
				306A54EA23613E3A00D59A7F /* AppDelegate.swift in Sources */,
				55DCF78923722CF1001B01B8 /* Fonts.swift in Sources */,
				306A54EC23613E3A00D59A7F /* SceneDelegate.swift in Sources */,
				303F6AE1236A931D007E37DD /* TabBarControl.swift in Sources */,
			);
			runOnlyForDeploymentPostprocessing = 0;
		};
/* End PBXSourcesBuildPhase section */

/* Begin PBXVariantGroup section */
		306A54F423613E3D00D59A7F /* LaunchScreen.storyboard */ = {
			isa = PBXVariantGroup;
			children = (
				306A54F523613E3D00D59A7F /* Base */,
			);
			name = LaunchScreen.storyboard;
			sourceTree = "<group>";
		};
/* End PBXVariantGroup section */

/* Begin XCBuildConfiguration section */
		306A54F823613E3D00D59A7F /* Debug */ = {
			isa = XCBuildConfiguration;
			buildSettings = {
				ALWAYS_SEARCH_USER_PATHS = NO;
				CLANG_ANALYZER_NONNULL = YES;
				CLANG_ANALYZER_NUMBER_OBJECT_CONVERSION = YES_AGGRESSIVE;
				CLANG_CXX_LANGUAGE_STANDARD = "gnu++14";
				CLANG_CXX_LIBRARY = "libc++";
				CLANG_ENABLE_MODULES = YES;
				CLANG_ENABLE_OBJC_ARC = YES;
				CLANG_ENABLE_OBJC_WEAK = YES;
				CLANG_WARN_BLOCK_CAPTURE_AUTORELEASING = YES;
				CLANG_WARN_BOOL_CONVERSION = YES;
				CLANG_WARN_COMMA = YES;
				CLANG_WARN_CONSTANT_CONVERSION = YES;
				CLANG_WARN_DEPRECATED_OBJC_IMPLEMENTATIONS = YES;
				CLANG_WARN_DIRECT_OBJC_ISA_USAGE = YES_ERROR;
				CLANG_WARN_DOCUMENTATION_COMMENTS = YES;
				CLANG_WARN_EMPTY_BODY = YES;
				CLANG_WARN_ENUM_CONVERSION = YES;
				CLANG_WARN_INFINITE_RECURSION = YES;
				CLANG_WARN_INT_CONVERSION = YES;
				CLANG_WARN_NON_LITERAL_NULL_CONVERSION = YES;
				CLANG_WARN_OBJC_IMPLICIT_RETAIN_SELF = YES;
				CLANG_WARN_OBJC_LITERAL_CONVERSION = YES;
				CLANG_WARN_OBJC_ROOT_CLASS = YES_ERROR;
				CLANG_WARN_RANGE_LOOP_ANALYSIS = YES;
				CLANG_WARN_STRICT_PROTOTYPES = YES;
				CLANG_WARN_SUSPICIOUS_MOVE = YES;
				CLANG_WARN_UNGUARDED_AVAILABILITY = YES_AGGRESSIVE;
				CLANG_WARN_UNREACHABLE_CODE = YES;
				CLANG_WARN__DUPLICATE_METHOD_MATCH = YES;
				COPY_PHASE_STRIP = NO;
				DEBUG_INFORMATION_FORMAT = dwarf;
				ENABLE_STRICT_OBJC_MSGSEND = YES;
				ENABLE_TESTABILITY = YES;
				GCC_C_LANGUAGE_STANDARD = gnu11;
				GCC_DYNAMIC_NO_PIC = NO;
				GCC_NO_COMMON_BLOCKS = YES;
				GCC_OPTIMIZATION_LEVEL = 0;
				GCC_PREPROCESSOR_DEFINITIONS = (
					"DEBUG=1",
					"$(inherited)",
				);
				GCC_WARN_64_TO_32_BIT_CONVERSION = YES;
				GCC_WARN_ABOUT_RETURN_TYPE = YES_ERROR;
				GCC_WARN_UNDECLARED_SELECTOR = YES;
				GCC_WARN_UNINITIALIZED_AUTOS = YES_AGGRESSIVE;
				GCC_WARN_UNUSED_FUNCTION = YES;
				GCC_WARN_UNUSED_VARIABLE = YES;
				IPHONEOS_DEPLOYMENT_TARGET = 13.0;
				MTL_ENABLE_DEBUG_INFO = INCLUDE_SOURCE;
				MTL_FAST_MATH = YES;
				ONLY_ACTIVE_ARCH = YES;
				SDKROOT = iphoneos;
				SWIFT_ACTIVE_COMPILATION_CONDITIONS = DEBUG;
				SWIFT_OPTIMIZATION_LEVEL = "-Onone";
			};
			name = Debug;
		};
		306A54F923613E3D00D59A7F /* Release */ = {
			isa = XCBuildConfiguration;
			buildSettings = {
				ALWAYS_SEARCH_USER_PATHS = NO;
				CLANG_ANALYZER_NONNULL = YES;
				CLANG_ANALYZER_NUMBER_OBJECT_CONVERSION = YES_AGGRESSIVE;
				CLANG_CXX_LANGUAGE_STANDARD = "gnu++14";
				CLANG_CXX_LIBRARY = "libc++";
				CLANG_ENABLE_MODULES = YES;
				CLANG_ENABLE_OBJC_ARC = YES;
				CLANG_ENABLE_OBJC_WEAK = YES;
				CLANG_WARN_BLOCK_CAPTURE_AUTORELEASING = YES;
				CLANG_WARN_BOOL_CONVERSION = YES;
				CLANG_WARN_COMMA = YES;
				CLANG_WARN_CONSTANT_CONVERSION = YES;
				CLANG_WARN_DEPRECATED_OBJC_IMPLEMENTATIONS = YES;
				CLANG_WARN_DIRECT_OBJC_ISA_USAGE = YES_ERROR;
				CLANG_WARN_DOCUMENTATION_COMMENTS = YES;
				CLANG_WARN_EMPTY_BODY = YES;
				CLANG_WARN_ENUM_CONVERSION = YES;
				CLANG_WARN_INFINITE_RECURSION = YES;
				CLANG_WARN_INT_CONVERSION = YES;
				CLANG_WARN_NON_LITERAL_NULL_CONVERSION = YES;
				CLANG_WARN_OBJC_IMPLICIT_RETAIN_SELF = YES;
				CLANG_WARN_OBJC_LITERAL_CONVERSION = YES;
				CLANG_WARN_OBJC_ROOT_CLASS = YES_ERROR;
				CLANG_WARN_RANGE_LOOP_ANALYSIS = YES;
				CLANG_WARN_STRICT_PROTOTYPES = YES;
				CLANG_WARN_SUSPICIOUS_MOVE = YES;
				CLANG_WARN_UNGUARDED_AVAILABILITY = YES_AGGRESSIVE;
				CLANG_WARN_UNREACHABLE_CODE = YES;
				CLANG_WARN__DUPLICATE_METHOD_MATCH = YES;
				COPY_PHASE_STRIP = NO;
				DEBUG_INFORMATION_FORMAT = "dwarf-with-dsym";
				ENABLE_NS_ASSERTIONS = NO;
				ENABLE_STRICT_OBJC_MSGSEND = YES;
				GCC_C_LANGUAGE_STANDARD = gnu11;
				GCC_NO_COMMON_BLOCKS = YES;
				GCC_WARN_64_TO_32_BIT_CONVERSION = YES;
				GCC_WARN_ABOUT_RETURN_TYPE = YES_ERROR;
				GCC_WARN_UNDECLARED_SELECTOR = YES;
				GCC_WARN_UNINITIALIZED_AUTOS = YES_AGGRESSIVE;
				GCC_WARN_UNUSED_FUNCTION = YES;
				GCC_WARN_UNUSED_VARIABLE = YES;
				IPHONEOS_DEPLOYMENT_TARGET = 13.0;
				MTL_ENABLE_DEBUG_INFO = NO;
				MTL_FAST_MATH = YES;
				SDKROOT = iphoneos;
				SWIFT_COMPILATION_MODE = wholemodule;
				SWIFT_OPTIMIZATION_LEVEL = "-O";
				VALIDATE_PRODUCT = YES;
			};
			name = Release;
		};
		306A54FB23613E3D00D59A7F /* Debug */ = {
			isa = XCBuildConfiguration;
			buildSettings = {
				ASSETCATALOG_COMPILER_APPICON_NAME = AppIcon;
				CODE_SIGN_STYLE = Automatic;
				DEVELOPMENT_TEAM = 4HBETBULVA;
				INFOPLIST_FILE = "bm-persona/Info.plist";
				LD_RUNPATH_SEARCH_PATHS = (
					"$(inherited)",
					"@executable_path/Frameworks",
				);
				PRODUCT_BUNDLE_IDENTIFIER = org.asuc.ASUC;
				PRODUCT_NAME = "$(TARGET_NAME)";
				SWIFT_VERSION = 5.0;
				TARGETED_DEVICE_FAMILY = "1,2";
			};
			name = Debug;
		};
		306A54FC23613E3D00D59A7F /* Release */ = {
			isa = XCBuildConfiguration;
			buildSettings = {
				ASSETCATALOG_COMPILER_APPICON_NAME = AppIcon;
				CODE_SIGN_STYLE = Automatic;
				DEVELOPMENT_TEAM = 4HBETBULVA;
				INFOPLIST_FILE = "bm-persona/Info.plist";
				LD_RUNPATH_SEARCH_PATHS = (
					"$(inherited)",
					"@executable_path/Frameworks",
				);
				PRODUCT_BUNDLE_IDENTIFIER = org.asuc.ASUC;
				PRODUCT_NAME = "$(TARGET_NAME)";
				SWIFT_VERSION = 5.0;
				TARGETED_DEVICE_FAMILY = "1,2";
			};
			name = Release;
		};
/* End XCBuildConfiguration section */

/* Begin XCConfigurationList section */
		306A54E123613E3A00D59A7F /* Build configuration list for PBXProject "bm-persona" */ = {
			isa = XCConfigurationList;
			buildConfigurations = (
				306A54F823613E3D00D59A7F /* Debug */,
				306A54F923613E3D00D59A7F /* Release */,
			);
			defaultConfigurationIsVisible = 0;
			defaultConfigurationName = Release;
		};
		306A54FA23613E3D00D59A7F /* Build configuration list for PBXNativeTarget "bm-persona" */ = {
			isa = XCConfigurationList;
			buildConfigurations = (
				306A54FB23613E3D00D59A7F /* Debug */,
				306A54FC23613E3D00D59A7F /* Release */,
			);
			defaultConfigurationIsVisible = 0;
			defaultConfigurationName = Release;
		};
/* End XCConfigurationList section */
	};
	rootObject = 306A54DE23613E3A00D59A7F /* Project object */;
}
