// !$*UTF8*$!
{
	archiveVersion = 1;
	classes = {
	};
	objectVersion = 50;
	objects = {

/* Begin PBXBuildFile section */
		306A54EA23613E3A00D59A7F /* AppDelegate.swift in Sources */ = {isa = PBXBuildFile; fileRef = 306A54E923613E3A00D59A7F /* AppDelegate.swift */; };
		306A54EC23613E3A00D59A7F /* SceneDelegate.swift in Sources */ = {isa = PBXBuildFile; fileRef = 306A54EB23613E3A00D59A7F /* SceneDelegate.swift */; };
		306A54EE23613E3A00D59A7F /* ViewController.swift in Sources */ = {isa = PBXBuildFile; fileRef = 306A54ED23613E3A00D59A7F /* ViewController.swift */; };
		306A54F123613E3A00D59A7F /* Main.storyboard in Resources */ = {isa = PBXBuildFile; fileRef = 306A54EF23613E3A00D59A7F /* Main.storyboard */; };
		306A54F323613E3D00D59A7F /* Assets.xcassets in Resources */ = {isa = PBXBuildFile; fileRef = 306A54F223613E3D00D59A7F /* Assets.xcassets */; };
		306A54F623613E3D00D59A7F /* LaunchScreen.storyboard in Resources */ = {isa = PBXBuildFile; fileRef = 306A54F423613E3D00D59A7F /* LaunchScreen.storyboard */; };
/* End PBXBuildFile section */

/* Begin PBXFileReference section */
		306A54E623613E3A00D59A7F /* bm-persona.app */ = {isa = PBXFileReference; explicitFileType = wrapper.application; includeInIndex = 0; path = "bm-persona.app"; sourceTree = BUILT_PRODUCTS_DIR; };
		306A54E923613E3A00D59A7F /* AppDelegate.swift */ = {isa = PBXFileReference; lastKnownFileType = sourcecode.swift; path = AppDelegate.swift; sourceTree = "<group>"; };
		306A54EB23613E3A00D59A7F /* SceneDelegate.swift */ = {isa = PBXFileReference; lastKnownFileType = sourcecode.swift; path = SceneDelegate.swift; sourceTree = "<group>"; };
		306A54ED23613E3A00D59A7F /* ViewController.swift */ = {isa = PBXFileReference; lastKnownFileType = sourcecode.swift; path = ViewController.swift; sourceTree = "<group>"; };
		306A54F023613E3A00D59A7F /* Base */ = {isa = PBXFileReference; lastKnownFileType = file.storyboard; name = Base; path = Base.lproj/Main.storyboard; sourceTree = "<group>"; };
		306A54F223613E3D00D59A7F /* Assets.xcassets */ = {isa = PBXFileReference; lastKnownFileType = folder.assetcatalog; path = Assets.xcassets; sourceTree = "<group>"; };
		306A54F523613E3D00D59A7F /* Base */ = {isa = PBXFileReference; lastKnownFileType = file.storyboard; name = Base; path = Base.lproj/LaunchScreen.storyboard; sourceTree = "<group>"; };
		306A54F723613E3D00D59A7F /* Info.plist */ = {isa = PBXFileReference; lastKnownFileType = text.plist.xml; path = Info.plist; sourceTree = "<group>"; };
/* End PBXFileReference section */

/* Begin PBXFrameworksBuildPhase section */
		306A54E323613E3A00D59A7F /* Frameworks */ = {
			isa = PBXFrameworksBuildPhase;
			buildActionMask = 2147483647;
			files = (
			);
			runOnlyForDeploymentPostprocessing = 0;
		};
/* End PBXFrameworksBuildPhase section */

/* Begin PBXGroup section */
		306A54DD23613E3A00D59A7F = {
			isa = PBXGroup;
			children = (
				306A54E823613E3A00D59A7F /* bm-persona */,
				306A54E723613E3A00D59A7F /* Products */,
			);
			sourceTree = "<group>";
		};
		306A54E723613E3A00D59A7F /* Products */ = {
			isa = PBXGroup;
			children = (
				306A54E623613E3A00D59A7F /* bm-persona.app */,
			);
			name = Products;
			sourceTree = "<group>";
		};
		306A54E823613E3A00D59A7F /* bm-persona */ = {
			isa = PBXGroup;
			children = (
				306A54E923613E3A00D59A7F /* AppDelegate.swift */,
				306A54EB23613E3A00D59A7F /* SceneDelegate.swift */,
				306A54ED23613E3A00D59A7F /* ViewController.swift */,
				306A54EF23613E3A00D59A7F /* Main.storyboard */,
				306A54F223613E3D00D59A7F /* Assets.xcassets */,
				306A54F423613E3D00D59A7F /* LaunchScreen.storyboard */,
				306A54F723613E3D00D59A7F /* Info.plist */,
			);
			path = "bm-persona";
			sourceTree = "<group>";
		};
/* End PBXGroup section */

/* Begin PBXNativeTarget section */
		306A54E523613E3A00D59A7F /* bm-persona */ = {
			isa = PBXNativeTarget;
			buildConfigurationList = 306A54FA23613E3D00D59A7F /* Build configuration list for PBXNativeTarget "bm-persona" */;
			buildPhases = (
				306A54E223613E3A00D59A7F /* Sources */,
				306A54E323613E3A00D59A7F /* Frameworks */,
				306A54E423613E3A00D59A7F /* Resources */,
			);
			buildRules = (
			);
			dependencies = (
			);
			name = "bm-persona";
			productName = "bm-persona";
			productReference = 306A54E623613E3A00D59A7F /* bm-persona.app */;
			productType = "com.apple.product-type.application";
		};
/* End PBXNativeTarget section */

/* Begin PBXProject section */
		306A54DE23613E3A00D59A7F /* Project object */ = {
			isa = PBXProject;
			attributes = {
				LastSwiftUpdateCheck = 1100;
				LastUpgradeCheck = 1100;
				ORGANIZATIONNAME = "RJ Pimentel";
				TargetAttributes = {
					306A54E523613E3A00D59A7F = {
						CreatedOnToolsVersion = 11.0;
					};
				};
			};
			buildConfigurationList = 306A54E123613E3A00D59A7F /* Build configuration list for PBXProject "bm-persona" */;
			compatibilityVersion = "Xcode 9.3";
			developmentRegion = en;
			hasScannedForEncodings = 0;
			knownRegions = (
				en,
				Base,
			);
			mainGroup = 306A54DD23613E3A00D59A7F;
			productRefGroup = 306A54E723613E3A00D59A7F /* Products */;
			projectDirPath = "";
			projectRoot = "";
			targets = (
				306A54E523613E3A00D59A7F /* bm-persona */,
			);
		};
/* End PBXProject section */

/* Begin PBXResourcesBuildPhase section */
		306A54E423613E3A00D59A7F /* Resources */ = {
			isa = PBXResourcesBuildPhase;
			buildActionMask = 2147483647;
			files = (
				306A54F623613E3D00D59A7F /* LaunchScreen.storyboard in Resources */,
				306A54F323613E3D00D59A7F /* Assets.xcassets in Resources */,
				306A54F123613E3A00D59A7F /* Main.storyboard in Resources */,
			);
			runOnlyForDeploymentPostprocessing = 0;
		};
/* End PBXResourcesBuildPhase section */

/* Begin PBXSourcesBuildPhase section */
		306A54E223613E3A00D59A7F /* Sources */ = {
			isa = PBXSourcesBuildPhase;
			buildActionMask = 2147483647;
			files = (
				306A54EE23613E3A00D59A7F /* ViewController.swift in Sources */,
				306A54EA23613E3A00D59A7F /* AppDelegate.swift in Sources */,
				306A54EC23613E3A00D59A7F /* SceneDelegate.swift in Sources */,
			);
			runOnlyForDeploymentPostprocessing = 0;
		};
/* End PBXSourcesBuildPhase section */

/* Begin PBXVariantGroup section */
		306A54EF23613E3A00D59A7F /* Main.storyboard */ = {
			isa = PBXVariantGroup;
			children = (
				306A54F023613E3A00D59A7F /* Base */,
			);
			name = Main.storyboard;
			sourceTree = "<group>";
		};
		306A54F423613E3D00D59A7F /* LaunchScreen.storyboard */ = {
			isa = PBXVariantGroup;
			children = (
				306A54F523613E3D00D59A7F /* Base */,
			);
			name = LaunchScreen.storyboard;
			sourceTree = "<group>";
		};
/* End PBXVariantGroup section */

/* Begin XCBuildConfiguration section */
		306A54F823613E3D00D59A7F /* Debug */ = {
			isa = XCBuildConfiguration;
			buildSettings = {
				ALWAYS_SEARCH_USER_PATHS = NO;
				CLANG_ANALYZER_NONNULL = YES;
				CLANG_ANALYZER_NUMBER_OBJECT_CONVERSION = YES_AGGRESSIVE;
				CLANG_CXX_LANGUAGE_STANDARD = "gnu++14";
				CLANG_CXX_LIBRARY = "libc++";
				CLANG_ENABLE_MODULES = YES;
				CLANG_ENABLE_OBJC_ARC = YES;
				CLANG_ENABLE_OBJC_WEAK = YES;
				CLANG_WARN_BLOCK_CAPTURE_AUTORELEASING = YES;
				CLANG_WARN_BOOL_CONVERSION = YES;
				CLANG_WARN_COMMA = YES;
				CLANG_WARN_CONSTANT_CONVERSION = YES;
				CLANG_WARN_DEPRECATED_OBJC_IMPLEMENTATIONS = YES;
				CLANG_WARN_DIRECT_OBJC_ISA_USAGE = YES_ERROR;
				CLANG_WARN_DOCUMENTATION_COMMENTS = YES;
				CLANG_WARN_EMPTY_BODY = YES;
				CLANG_WARN_ENUM_CONVERSION = YES;
				CLANG_WARN_INFINITE_RECURSION = YES;
				CLANG_WARN_INT_CONVERSION = YES;
				CLANG_WARN_NON_LITERAL_NULL_CONVERSION = YES;
				CLANG_WARN_OBJC_IMPLICIT_RETAIN_SELF = YES;
				CLANG_WARN_OBJC_LITERAL_CONVERSION = YES;
				CLANG_WARN_OBJC_ROOT_CLASS = YES_ERROR;
				CLANG_WARN_RANGE_LOOP_ANALYSIS = YES;
				CLANG_WARN_STRICT_PROTOTYPES = YES;
				CLANG_WARN_SUSPICIOUS_MOVE = YES;
				CLANG_WARN_UNGUARDED_AVAILABILITY = YES_AGGRESSIVE;
				CLANG_WARN_UNREACHABLE_CODE = YES;
				CLANG_WARN__DUPLICATE_METHOD_MATCH = YES;
				COPY_PHASE_STRIP = NO;
				DEBUG_INFORMATION_FORMAT = dwarf;
				ENABLE_STRICT_OBJC_MSGSEND = YES;
				ENABLE_TESTABILITY = YES;
				GCC_C_LANGUAGE_STANDARD = gnu11;
				GCC_DYNAMIC_NO_PIC = NO;
				GCC_NO_COMMON_BLOCKS = YES;
				GCC_OPTIMIZATION_LEVEL = 0;
				GCC_PREPROCESSOR_DEFINITIONS = (
					"DEBUG=1",
					"$(inherited)",
				);
				GCC_WARN_64_TO_32_BIT_CONVERSION = YES;
				GCC_WARN_ABOUT_RETURN_TYPE = YES_ERROR;
				GCC_WARN_UNDECLARED_SELECTOR = YES;
				GCC_WARN_UNINITIALIZED_AUTOS = YES_AGGRESSIVE;
				GCC_WARN_UNUSED_FUNCTION = YES;
				GCC_WARN_UNUSED_VARIABLE = YES;
				IPHONEOS_DEPLOYMENT_TARGET = 13.0;
				MTL_ENABLE_DEBUG_INFO = INCLUDE_SOURCE;
				MTL_FAST_MATH = YES;
				ONLY_ACTIVE_ARCH = YES;
				SDKROOT = iphoneos;
				SWIFT_ACTIVE_COMPILATION_CONDITIONS = DEBUG;
				SWIFT_OPTIMIZATION_LEVEL = "-Onone";
			};
			name = Debug;
		};
		306A54F923613E3D00D59A7F /* Release */ = {
			isa = XCBuildConfiguration;
			buildSettings = {
				ALWAYS_SEARCH_USER_PATHS = NO;
				CLANG_ANALYZER_NONNULL = YES;
				CLANG_ANALYZER_NUMBER_OBJECT_CONVERSION = YES_AGGRESSIVE;
				CLANG_CXX_LANGUAGE_STANDARD = "gnu++14";
				CLANG_CXX_LIBRARY = "libc++";
				CLANG_ENABLE_MODULES = YES;
				CLANG_ENABLE_OBJC_ARC = YES;
				CLANG_ENABLE_OBJC_WEAK = YES;
				CLANG_WARN_BLOCK_CAPTURE_AUTORELEASING = YES;
				CLANG_WARN_BOOL_CONVERSION = YES;
				CLANG_WARN_COMMA = YES;
				CLANG_WARN_CONSTANT_CONVERSION = YES;
				CLANG_WARN_DEPRECATED_OBJC_IMPLEMENTATIONS = YES;
				CLANG_WARN_DIRECT_OBJC_ISA_USAGE = YES_ERROR;
				CLANG_WARN_DOCUMENTATION_COMMENTS = YES;
				CLANG_WARN_EMPTY_BODY = YES;
				CLANG_WARN_ENUM_CONVERSION = YES;
				CLANG_WARN_INFINITE_RECURSION = YES;
				CLANG_WARN_INT_CONVERSION = YES;
				CLANG_WARN_NON_LITERAL_NULL_CONVERSION = YES;
				CLANG_WARN_OBJC_IMPLICIT_RETAIN_SELF = YES;
				CLANG_WARN_OBJC_LITERAL_CONVERSION = YES;
				CLANG_WARN_OBJC_ROOT_CLASS = YES_ERROR;
				CLANG_WARN_RANGE_LOOP_ANALYSIS = YES;
				CLANG_WARN_STRICT_PROTOTYPES = YES;
				CLANG_WARN_SUSPICIOUS_MOVE = YES;
				CLANG_WARN_UNGUARDED_AVAILABILITY = YES_AGGRESSIVE;
				CLANG_WARN_UNREACHABLE_CODE = YES;
				CLANG_WARN__DUPLICATE_METHOD_MATCH = YES;
				COPY_PHASE_STRIP = NO;
				DEBUG_INFORMATION_FORMAT = "dwarf-with-dsym";
				ENABLE_NS_ASSERTIONS = NO;
				ENABLE_STRICT_OBJC_MSGSEND = YES;
				GCC_C_LANGUAGE_STANDARD = gnu11;
				GCC_NO_COMMON_BLOCKS = YES;
				GCC_WARN_64_TO_32_BIT_CONVERSION = YES;
				GCC_WARN_ABOUT_RETURN_TYPE = YES_ERROR;
				GCC_WARN_UNDECLARED_SELECTOR = YES;
				GCC_WARN_UNINITIALIZED_AUTOS = YES_AGGRESSIVE;
				GCC_WARN_UNUSED_FUNCTION = YES;
				GCC_WARN_UNUSED_VARIABLE = YES;
				IPHONEOS_DEPLOYMENT_TARGET = 13.0;
				MTL_ENABLE_DEBUG_INFO = NO;
				MTL_FAST_MATH = YES;
				SDKROOT = iphoneos;
				SWIFT_COMPILATION_MODE = wholemodule;
				SWIFT_OPTIMIZATION_LEVEL = "-O";
				VALIDATE_PRODUCT = YES;
			};
			name = Release;
		};
		306A54FB23613E3D00D59A7F /* Debug */ = {
			isa = XCBuildConfiguration;
			buildSettings = {
				ASSETCATALOG_COMPILER_APPICON_NAME = AppIcon;
				CODE_SIGN_STYLE = Automatic;
				DEVELOPMENT_TEAM = 8L2BC5XVN3;
				INFOPLIST_FILE = "bm-persona/Info.plist";
				LD_RUNPATH_SEARCH_PATHS = (
					"$(inherited)",
					"@executable_path/Frameworks",
				);
				PRODUCT_BUNDLE_IDENTIFIER = "com.pimento.bm-persona";
				PRODUCT_NAME = "$(TARGET_NAME)";
				SWIFT_VERSION = 5.0;
				TARGETED_DEVICE_FAMILY = "1,2";
			};
			name = Debug;
		};
		306A54FC23613E3D00D59A7F /* Release */ = {
			isa = XCBuildConfiguration;
			buildSettings = {
				ASSETCATALOG_COMPILER_APPICON_NAME = AppIcon;
				CODE_SIGN_STYLE = Automatic;
				DEVELOPMENT_TEAM = 8L2BC5XVN3;
				INFOPLIST_FILE = "bm-persona/Info.plist";
				LD_RUNPATH_SEARCH_PATHS = (
					"$(inherited)",
					"@executable_path/Frameworks",
				);
				PRODUCT_BUNDLE_IDENTIFIER = "com.pimento.bm-persona";
				PRODUCT_NAME = "$(TARGET_NAME)";
				SWIFT_VERSION = 5.0;
				TARGETED_DEVICE_FAMILY = "1,2";
			};
			name = Release;
		};
/* End XCBuildConfiguration section */

/* Begin XCConfigurationList section */
		306A54E123613E3A00D59A7F /* Build configuration list for PBXProject "bm-persona" */ = {
			isa = XCConfigurationList;
			buildConfigurations = (
				306A54F823613E3D00D59A7F /* Debug */,
				306A54F923613E3D00D59A7F /* Release */,
			);
			defaultConfigurationIsVisible = 0;
			defaultConfigurationName = Release;
		};
		306A54FA23613E3D00D59A7F /* Build configuration list for PBXNativeTarget "bm-persona" */ = {
			isa = XCConfigurationList;
			buildConfigurations = (
				306A54FB23613E3D00D59A7F /* Debug */,
				306A54FC23613E3D00D59A7F /* Release */,
			);
			defaultConfigurationIsVisible = 0;
			defaultConfigurationName = Release;
		};
/* End XCConfigurationList section */
	};
	rootObject = 306A54DE23613E3A00D59A7F /* Project object */;
}
